github.com/cornelk/hashmap v1.0.8 h1:nv0AWgw02n+iDcawr5It4CjQIAcdMMKRrs10HOJYlrc=
github.com/cornelk/hashmap v1.0.8/go.mod h1:RfZb7JO3RviW/rT6emczVuC/oxpdz4UsSB2LJSclR1k=
github.com/go-orb/go-orb v0.0.0-20250220192804-1f05260015f2 h1:fgu9ePmnrOp/g5dakOxPof+nGNxziyNV/ZQk912NbQY=
github.com/go-orb/go-orb v0.0.0-20250220192804-1f05260015f2/go.mod h1:Z64Q1rFtN8XHhnito1vWzJrxfxJs+f9F+J5TzAKGvJ0=
github.com/go-orb/plugins/client/orb v0.0.0-20250220201609-166b27343f72 h1:bRpQ+zrnvJbSwDvtoQjFH/3XSbbJPr1xPpv4UR67bDM=
github.com/go-orb/plugins/client/orb v0.0.0-20250220201609-166b27343f72/go.mod h1:2PvS4qw2idQa09XWCEpmW6FjHOHrIH0Cd3Yrv5/VymI=
github.com/go-orb/plugins/client/orb/transport/basehttp v0.0.0-20250220201609-166b27343f72 h1:EOMldAUinJaZRRGCKL/UMM/3pclV12YXD1ZOSfJTVcY=
github.com/go-orb/plugins/client/orb/transport/basehttp v0.0.0-20250220201609-166b27343f72/go.mod h1:alZtCIX7aAF2xcWV8uY7MBUDDSds6d5vxOvZxrTV2Qc=
