github.com/cornelk/hashmap v1.0.8 h1:nv0AWgw02n+iDcawr5It4CjQIAcdMMKRrs10HOJYlrc=
github.com/cornelk/hashmap v1.0.8/go.mod h1:RfZb7JO3RviW/rT6emczVuC/oxpdz4UsSB2LJSclR1k=
github.com/go-orb/go-orb v0.0.0-20241027004147-7e65db198d73 h1:JFKKzHUP4o/3c5R0TKK/to/ggVl5B61AtDsILIaiHTs=
github.com/go-orb/go-orb v0.0.0-20241027004147-7e65db198d73/go.mod h1:IqEV2MC/Xasp/x0cHO+RcQUHjOdP5ObL5vht+KD0l6A=
github.com/go-orb/plugins/client/orb v0.0.0-20241027010804-96f32fd57e48 h1:uHonNd45COdqnJQVK6PR1kpRDmfz5QWnWzCzAvyfRkI=
github.com/go-orb/plugins/client/orb v0.0.0-20241027010804-96f32fd57e48/go.mod h1:IGGkYdNFfsNcPEayLL+zG2XMpne36/KnOR8rkq7STsY=
github.com/go-orb/plugins/client/orb/transport/basehttp v0.0.0-20241027010804-96f32fd57e48 h1:DtvOsR1jl6fSWle6OM+x+wOEbjkIZNC9i1d6e06nQkQ=
github.com/go-orb/plugins/client/orb/transport/basehttp v0.0.0-20241027010804-96f32fd57e48/go.mod h1:WF9b+krDvqAnCSwmnwba2GcnpA3D2pq45BHA4eRS1z4=
