github.com/cornelk/hashmap v1.0.8 h1:nv0AWgw02n+iDcawr5It4CjQIAcdMMKRrs10HOJYlrc=
github.com/cornelk/hashmap v1.0.8/go.mod h1:RfZb7JO3RviW/rT6emczVuC/oxpdz4UsSB2LJSclR1k=
github.com/go-orb/go-orb v0.2.2-0.20250307095701-64284924d8b8 h1:Jpb+SuISKKmhkKkNl5jtamUKGbtocU9gqRK4ryqiM8g=
github.com/go-orb/go-orb v0.2.2-0.20250307095701-64284924d8b8/go.mod h1:TO/Gnyh+NGy5S5vZj9sYf+U9LSFhwUeAxdlxiPtj6PY=
github.com/go-orb/plugins/client/orb v0.1.4-0.20250307101622-0ab743aa8529 h1:gXbXPyKc9lfLWzJ6bwcAVssyWfRIkJhG4ym/YBI987c=
github.com/go-orb/plugins/client/orb v0.1.4-0.20250307101622-0ab743aa8529/go.mod h1:xSrxI+rBS2+O6TTTpkKjYytzpJy8JfD0fGCvwByE8KA=
