github.com/cornelk/hashmap v1.0.8 h1:nv0AWgw02n+iDcawr5It4CjQIAcdMMKRrs10HOJYlrc=
github.com/cornelk/hashmap v1.0.8/go.mod h1:RfZb7JO3RviW/rT6emczVuC/oxpdz4UsSB2LJSclR1k=
github.com/go-orb/go-orb v0.2.2-0.20250307095701-64284924d8b8 h1:Jpb+SuISKKmhkKkNl5jtamUKGbtocU9gqRK4ryqiM8g=
github.com/go-orb/go-orb v0.2.2-0.20250307095701-64284924d8b8/go.mod h1:TO/Gnyh+NGy5S5vZj9sYf+U9LSFhwUeAxdlxiPtj6PY=
github.com/go-orb/plugins/client/orb v0.1.4-0.20250305200636-cc8446152dc5 h1:WAM6wEvN5YNNXDc/AuEa/FTNJdw4x+EONRS927/wLLs=
github.com/go-orb/plugins/client/orb v0.1.4-0.20250305200636-cc8446152dc5/go.mod h1:Cp1hTomqPcXJGqXZX6/V/r1qpD6xIo4+ioXg5jezyJc=
