github.com/cornelk/hashmap v1.0.8 h1:nv0AWgw02n+iDcawr5It4CjQIAcdMMKRrs10HOJYlrc=
github.com/cornelk/hashmap v1.0.8/go.mod h1:RfZb7JO3RviW/rT6emczVuC/oxpdz4UsSB2LJSclR1k=
github.com/davecgh/go-spew v1.1.2-0.20180830191138-d8f796af33cc h1:U9qPSI2PIWSS1VwoXQT9A3Wy9MM3WgvqSxFWenqJduM=
github.com/davecgh/go-spew v1.1.2-0.20180830191138-d8f796af33cc/go.mod h1:J7Y8YcW2NihsgmVo/mv3lAwl/skON4iLHjSsI+c5H38=
github.com/go-orb/go-orb v0.2.2-0.20250306190351-f0e336603d9e h1:SgJ8T5Cb6NVuAD97dhmvAyd/d+9q+qpSXOpjYAkfmGw=
github.com/go-orb/go-orb v0.2.2-0.20250306190351-f0e336603d9e/go.mod h1:LbWY5x8kKbHS/b+cg6UYWkP5cSOSITQHDjXreQr/8z4=
github.com/go-orb/plugins/codecs/json v0.1.1-0.20250305200636-cc8446152dc5 h1:rblc2B7WX9DZSAGKg/fTYnxt7WWzrJ1H8fVmr6O7asE=
github.com/go-orb/plugins/codecs/json v0.1.1-0.20250305200636-cc8446152dc5/go.mod h1:1lQwZXKysgVvpcxkEz5pfvmuLjW7Pj0dZrRD5/lA2fg=
github.com/go-orb/plugins/codecs/yaml v0.1.1-0.20250305150401-ab2fd6755a1b h1:qtlbEV7KYgXsLCxu0FwIcX7BtqkhICCPrFtDtj+Hkdg=
github.com/go-orb/plugins/codecs/yaml v0.1.1-0.20250305150401-ab2fd6755a1b/go.mod h1:UJYb5vIs1lquUMYw3O8jDSy8isJT3qm2gNb1/4Wt9RU=
github.com/go-orb/plugins/config/source/file v0.1.1-0.20250305150401-ab2fd6755a1b h1:fAlXkMnTv5eKAfF8WHDd91eeYTpBXlwtMBaT6ciaGnc=
github.com/go-orb/plugins/config/source/file v0.1.1-0.20250305150401-ab2fd6755a1b/go.mod h1:U7PrPVN3Il5ubzJomZBfukpOh8/IhgsLcU8ldZc+59o=
github.com/go-orb/plugins/config/source/http v0.1.1-0.20250305200636-cc8446152dc5 h1:7YB163HL6HQgYx70pRz8GVW0vt9GgFZAZNV2zjEhdbo=
github.com/go-orb/plugins/config/source/http v0.1.1-0.20250305200636-cc8446152dc5/go.mod h1:y6Hx4Evm8R2lWqa0mSccf8qERmudeVVuFRePwUy/qLU=
github.com/google/uuid v1.6.0 h1:NIvaJDMOsjHA8n1jAhLSgzrAzy1Hgr+hNrb57e+94F0=
github.com/google/uuid v1.6.0/go.mod h1:TIyPZe4MgqvfeYDBFedMoGGpEw/LqOeaOT+nhxU+yHo=
github.com/pmezard/go-difflib v1.0.1-0.20181226105442-5d4384ee4fb2 h1:Jamvg5psRIccs7FGNTlIRMkT8wgtp5eCXdBlqhYGL6U=
github.com/pmezard/go-difflib v1.0.1-0.20181226105442-5d4384ee4fb2/go.mod h1:iKH77koFhYxTK1pcRnkKkqfTogsbg7gZNVY4sRDYZ/4=
github.com/stretchr/testify v1.10.0 h1:Xv5erBjTwe/5IxqUQTdXv5kgmIvbHo3QQyRwhJsOfJA=
github.com/stretchr/testify v1.10.0/go.mod h1:r2ic/lqez/lEtzL7wO/rwa5dbSLXVDPFyf8C91i36aY=
gopkg.in/check.v1 v0.0.0-20161208181325-20d25e280405 h1:yhCVgyC4o1eVCa2tZl7eS0r+SDo693bJlVdllGtEeKM=
gopkg.in/check.v1 v0.0.0-20161208181325-20d25e280405/go.mod h1:Co6ibVJAznAaIkqp8huTwlJQCZ016jof/cbN4VW5Yz0=
gopkg.in/yaml.v3 v3.0.1 h1:fxVm/GzAzEWqLHuvctI91KS9hhNmmWOoWu0XTYJS7CA=
gopkg.in/yaml.v3 v3.0.1/go.mod h1:K4uyk7z7BCEPqu6E+C64Yfv1cQ7kz7rIZviUmN+EgEM=
