github.com/cornelk/hashmap v1.0.8 h1:nv0AWgw02n+iDcawr5It4CjQIAcdMMKRrs10HOJYlrc=
github.com/cornelk/hashmap v1.0.8/go.mod h1:RfZb7JO3RviW/rT6emczVuC/oxpdz4UsSB2LJSclR1k=
github.com/cpuguy83/go-md2man/v2 v2.0.5 h1:ZtcqGrnekaHpVLArFSe4HK5DoKx1T0rq2DwVB0alcyc=
github.com/cpuguy83/go-md2man/v2 v2.0.5/go.mod h1:tgQtvFlXSQOSOSIRvRPT7W67SCa46tRHOmNcaadrF8o=
github.com/davecgh/go-spew v1.1.2-0.20180830191138-d8f796af33cc h1:U9qPSI2PIWSS1VwoXQT9A3Wy9MM3WgvqSxFWenqJduM=
github.com/davecgh/go-spew v1.1.2-0.20180830191138-d8f796af33cc/go.mod h1:J7Y8YcW2NihsgmVo/mv3lAwl/skON4iLHjSsI+c5H38=
github.com/go-orb/go-orb v0.0.0-20241027004147-7e65db198d73 h1:JFKKzHUP4o/3c5R0TKK/to/ggVl5B61AtDsILIaiHTs=
github.com/go-orb/go-orb v0.0.0-20241027004147-7e65db198d73/go.mod h1:IqEV2MC/Xasp/x0cHO+RcQUHjOdP5ObL5vht+KD0l6A=
github.com/go-orb/plugins/codecs/json v0.0.0-20241027005319-1bca6b63ac9e h1:mTor1A/yyreG+LfMNjR1SM8fgWM2qxjVUZHJDNEtNwQ=
github.com/go-orb/plugins/codecs/json v0.0.0-20241027005319-1bca6b63ac9e/go.mod h1:Cr1kdhidXdYspikoiTLGAAtM9lbXHemz2r5mqZQDoMA=
github.com/go-orb/plugins/codecs/yaml v0.0.0-20241027005319-1bca6b63ac9e h1:3N+o3M3R0T581CsHYRNXFhcHzM3A1b/uMULi1ty2wvY=
github.com/go-orb/plugins/codecs/yaml v0.0.0-20241027005319-1bca6b63ac9e/go.mod h1:iA9pLcYpp98bTEUCPOwHASMoo1gSs1tgsbluwq3i+0w=
github.com/go-orb/plugins/config/source/cli/urfave v0.0.0-20241027005319-1bca6b63ac9e h1:nspNOQ8V12i4vDaLKqIMBWUJxu/BGT82qZFd18WlaX4=
github.com/go-orb/plugins/config/source/cli/urfave v0.0.0-20241027005319-1bca6b63ac9e/go.mod h1:c8+k/6jOL7mA0sYrI/O/vJHsCrf+7RS0/6A+ZASvHm8=
github.com/go-orb/plugins/config/source/file v0.0.0-20241027005319-1bca6b63ac9e h1:L7EaeL6decsSycP4w9klV7PkSRYzsnvk6iLH8ApUpWQ=
github.com/go-orb/plugins/config/source/file v0.0.0-20241027005319-1bca6b63ac9e/go.mod h1:PK940mc0+3euYxwaelUwhDrHyw8dECAhz+klas8xqbo=
github.com/go-orb/plugins/config/source/http v0.0.0-20241027005319-1bca6b63ac9e h1:hSWeUIMi0WRUZoah6ktAobuIfwhpYIARni12gj/ZF9U=
github.com/go-orb/plugins/config/source/http v0.0.0-20241027005319-1bca6b63ac9e/go.mod h1:c1iu9KE91uIezp4R6ZuoFVv78fFwN+YUVOFGjBHLiUE=
github.com/google/uuid v1.6.0 h1:NIvaJDMOsjHA8n1jAhLSgzrAzy1Hgr+hNrb57e+94F0=
github.com/google/uuid v1.6.0/go.mod h1:TIyPZe4MgqvfeYDBFedMoGGpEw/LqOeaOT+nhxU+yHo=
github.com/hashicorp/errwrap v1.0.0/go.mod h1:YH+1FKiLXxHSkmPseP+kNlulaMuP3n2brvKWEqk/Jc4=
github.com/hashicorp/errwrap v1.1.0 h1:OxrOeh75EUXMY8TBjag2fzXGZ40LB6IKw45YeGUDY2I=
github.com/hashicorp/errwrap v1.1.0/go.mod h1:YH+1FKiLXxHSkmPseP+kNlulaMuP3n2brvKWEqk/Jc4=
github.com/hashicorp/go-multierror v1.1.1 h1:H5DkEtf6CXdFp0N0Em5UCwQpXMWke8IA0+lD48awMYo=
github.com/hashicorp/go-multierror v1.1.1/go.mod h1:iw975J/qwKPdAO1clOe2L8331t/9/fmwbPZ6JB6eMoM=
github.com/pmezard/go-difflib v1.0.1-0.20181226105442-5d4384ee4fb2 h1:Jamvg5psRIccs7FGNTlIRMkT8wgtp5eCXdBlqhYGL6U=
github.com/pmezard/go-difflib v1.0.1-0.20181226105442-5d4384ee4fb2/go.mod h1:iKH77koFhYxTK1pcRnkKkqfTogsbg7gZNVY4sRDYZ/4=
github.com/russross/blackfriday/v2 v2.1.0 h1:JIOH55/0cWyOuilr9/qlrm0BSXldqnqwMsf35Ld67mk=
github.com/russross/blackfriday/v2 v2.1.0/go.mod h1:+Rmxgy9KzJVeS9/2gXHxylqXiyQDYRxCVz55jmeOWTM=
github.com/stretchr/testify v1.9.0 h1:HtqpIVDClZ4nwg75+f6Lvsy/wHu+3BoSGCbBAcpTsTg=
github.com/stretchr/testify v1.9.0/go.mod h1:r2ic/lqez/lEtzL7wO/rwa5dbSLXVDPFyf8C91i36aY=
github.com/urfave/cli/v2 v2.27.5 h1:WoHEJLdsXr6dDWoJgMq/CboDmyY/8HMMH1fTECbih+w=
github.com/urfave/cli/v2 v2.27.5/go.mod h1:3Sevf16NykTbInEnD0yKkjDAeZDS0A6bzhBH5hrMvTQ=
github.com/xrash/smetrics v0.0.0-20240521201337-686a1a2994c1 h1:gEOO8jv9F4OT7lGCjxCBTO/36wtF6j2nSip77qHd4x4=
github.com/xrash/smetrics v0.0.0-20240521201337-686a1a2994c1/go.mod h1:Ohn+xnUBiLI6FVj/9LpzZWtj1/D6lUovWYBkxHVV3aM=
golang.org/x/exp v0.0.0-20241009180824-f66d83c29e7c h1:7dEasQXItcW1xKJ2+gg5VOiBnqWrJc+rq0DPKyvvdbY=
golang.org/x/exp v0.0.0-20241009180824-f66d83c29e7c/go.mod h1:NQtJDoLvd6faHhE7m4T/1IY708gDefGGjR/iUW8yQQ8=
gopkg.in/check.v1 v0.0.0-20161208181325-20d25e280405 h1:yhCVgyC4o1eVCa2tZl7eS0r+SDo693bJlVdllGtEeKM=
gopkg.in/check.v1 v0.0.0-20161208181325-20d25e280405/go.mod h1:Co6ibVJAznAaIkqp8huTwlJQCZ016jof/cbN4VW5Yz0=
gopkg.in/yaml.v3 v3.0.1 h1:fxVm/GzAzEWqLHuvctI91KS9hhNmmWOoWu0XTYJS7CA=
gopkg.in/yaml.v3 v3.0.1/go.mod h1:K4uyk7z7BCEPqu6E+C64Yfv1cQ7kz7rIZviUmN+EgEM=
