github.com/cornelk/hashmap v1.0.8 h1:nv0AWgw02n+iDcawr5It4CjQIAcdMMKRrs10HOJYlrc=
github.com/cornelk/hashmap v1.0.8/go.mod h1:RfZb7JO3RviW/rT6emczVuC/oxpdz4UsSB2LJSclR1k=
github.com/go-orb/go-orb v0.2.2-0.20250307141103-038ba03c3f37 h1:yrdb/3pkAWTFednJG2VsocSx5BvN9KHekly2p/kvLI8=
github.com/go-orb/go-orb v0.2.2-0.20250307141103-038ba03c3f37/go.mod h1:TO/Gnyh+NGy5S5vZj9sYf+U9LSFhwUeAxdlxiPtj6PY=
github.com/go-orb/plugins/client/orb v0.1.4-0.20250307141712-ef020f968e94 h1:h3yzMkBmSlWAPc85JEH9HIn3I5uQdPa+uhhGGpNQPgI=
github.com/go-orb/plugins/client/orb v0.1.4-0.20250307141712-ef020f968e94/go.mod h1:xIVMUiqvToRoyDg+ks2+46u+izyvPjP0Cp4su7w22wo=
github.com/go-orb/plugins/server/drpc v0.1.1-0.20250307141712-ef020f968e94 h1:gKSvrZAJAsUmOxdD5HNqEIsr9uHR0r6RzMnTOLYdgMg=
github.com/go-orb/plugins/server/drpc v0.1.1-0.20250307141712-ef020f968e94/go.mod h1:4Q2kgykU0lkuyV2QrO5/VkRnUN20E5c7YPfInRQoXqQ=
github.com/google/go-cmp v0.6.0 h1:ofyhxvXcZhMsU5ulbFiLKl/XBFqE1GSq7atu8tAmTRI=
github.com/google/go-cmp v0.6.0/go.mod h1:17dUlkBOakJ0+DkrSSNjCkIjxS6bF9zb3elmeNGIjoY=
github.com/zeebo/assert v1.3.0 h1:g7C04CbJuIDKNPFHmsk4hwZDO5O+kntRxzaUoNXj+IQ=
github.com/zeebo/assert v1.3.0/go.mod h1:Pq9JiuJQpG8JLJdtkwrJESF0Foym2/D9XMU5ciN/wJ0=
github.com/zeebo/errs v1.4.0 h1:XNdoD/RRMKP7HD0UhJnIzUy74ISdGGxURlYG8HSWSfM=
github.com/zeebo/errs v1.4.0/go.mod h1:sgbWHsvVuTPHcqJJGQ1WhI5KbWlHYz+2+2C/LSEtCw4=
google.golang.org/protobuf v1.36.5 h1:tPhr+woSbjfYvY6/GPufUoYizxw1cF/yFoxJ2fmpwlM=
google.golang.org/protobuf v1.36.5/go.mod h1:9fA7Ob0pmnwhb644+1+CVWFRbNajQ6iRojtC/QF5bRE=
storj.io/drpc v0.0.34 h1:q9zlQKfJ5A7x8NQNFk8x7eKUF78FMhmAbZLnFK+og7I=
storj.io/drpc v0.0.34/go.mod h1:Y9LZaa8esL1PW2IDMqJE7CFSNq7d5bQ3RI7mGPtmKMg=
