github.com/cornelk/hashmap v1.0.8 h1:nv0AWgw02n+iDcawr5It4CjQIAcdMMKRrs10HOJYlrc=
github.com/cornelk/hashmap v1.0.8/go.mod h1:RfZb7JO3RviW/rT6emczVuC/oxpdz4UsSB2LJSclR1k=
github.com/go-orb/go-orb v0.2.2-0.20250310150137-28d27c7c856e h1:aNZeGsCqC7braUMhRrmBbqVw4QIrY6J2IUyqDZSW8TA=
github.com/go-orb/go-orb v0.2.2-0.20250310150137-28d27c7c856e/go.mod h1:nnJeJbc7HMursS7XlvoIv7k+IJ3se6Z9lHlnUlMoUJ0=
github.com/go-orb/plugins/client/orb v0.1.4-0.20250310151028-2bd0334e556f h1:G2Ap+qhiE94uGuygbLiaDOCGdBMdS+UpLt7NZn4M64s=
github.com/go-orb/plugins/client/orb v0.1.4-0.20250310151028-2bd0334e556f/go.mod h1:C15ydkjV47J0cazfqMJGRQWMw/UARfVmphAvpLiU91s=
github.com/go-orb/plugins/server/drpc v0.1.1-0.20250310151028-2bd0334e556f h1:qPUkB+iaWBOPjl465kIZ/UlwJENXvwu8y18mqmhvpwM=
github.com/go-orb/plugins/server/drpc v0.1.1-0.20250310151028-2bd0334e556f/go.mod h1:I82j40RtcC8LnYgXYps1j79BF4yDhw+X9l7Tl5lfCnY=
github.com/google/go-cmp v0.6.0 h1:ofyhxvXcZhMsU5ulbFiLKl/XBFqE1GSq7atu8tAmTRI=
github.com/google/go-cmp v0.6.0/go.mod h1:17dUlkBOakJ0+DkrSSNjCkIjxS6bF9zb3elmeNGIjoY=
github.com/zeebo/assert v1.3.0 h1:g7C04CbJuIDKNPFHmsk4hwZDO5O+kntRxzaUoNXj+IQ=
github.com/zeebo/assert v1.3.0/go.mod h1:Pq9JiuJQpG8JLJdtkwrJESF0Foym2/D9XMU5ciN/wJ0=
github.com/zeebo/errs v1.4.0 h1:XNdoD/RRMKP7HD0UhJnIzUy74ISdGGxURlYG8HSWSfM=
github.com/zeebo/errs v1.4.0/go.mod h1:sgbWHsvVuTPHcqJJGQ1WhI5KbWlHYz+2+2C/LSEtCw4=
google.golang.org/protobuf v1.36.5 h1:tPhr+woSbjfYvY6/GPufUoYizxw1cF/yFoxJ2fmpwlM=
google.golang.org/protobuf v1.36.5/go.mod h1:9fA7Ob0pmnwhb644+1+CVWFRbNajQ6iRojtC/QF5bRE=
storj.io/drpc v0.0.34 h1:q9zlQKfJ5A7x8NQNFk8x7eKUF78FMhmAbZLnFK+og7I=
storj.io/drpc v0.0.34/go.mod h1:Y9LZaa8esL1PW2IDMqJE7CFSNq7d5bQ3RI7mGPtmKMg=
