github.com/cornelk/hashmap v1.0.8 h1:nv0AWgw02n+iDcawr5It4CjQIAcdMMKRrs10HOJYlrc=
github.com/cornelk/hashmap v1.0.8/go.mod h1:RfZb7JO3RviW/rT6emczVuC/oxpdz4UsSB2LJSclR1k=
github.com/davecgh/go-spew v1.1.2-0.20180830191138-d8f796af33cc h1:U9qPSI2PIWSS1VwoXQT9A3Wy9MM3WgvqSxFWenqJduM=
github.com/davecgh/go-spew v1.1.2-0.20180830191138-d8f796af33cc/go.mod h1:J7Y8YcW2NihsgmVo/mv3lAwl/skON4iLHjSsI+c5H38=
github.com/go-orb/go-orb v0.2.2-0.20250307095701-64284924d8b8 h1:Jpb+SuISKKmhkKkNl5jtamUKGbtocU9gqRK4ryqiM8g=
github.com/go-orb/go-orb v0.2.2-0.20250307095701-64284924d8b8/go.mod h1:TO/Gnyh+NGy5S5vZj9sYf+U9LSFhwUeAxdlxiPtj6PY=
github.com/go-orb/plugins/codecs/json v0.1.1-0.20250307101622-0ab743aa8529 h1:glcZ5RIBVgwC79uKa0wrWqMf49TDff2wgjIh9rMY8fY=
github.com/go-orb/plugins/codecs/json v0.1.1-0.20250307101622-0ab743aa8529/go.mod h1:Ki6skV5MRnKIevc5z9O+zbrrSRpwu34f+XUO6Ty6Vg4=
github.com/go-orb/plugins/log/slog v0.1.1-0.20250307101622-0ab743aa8529 h1:MvyW+/gEFPq+CHOpjBd4gqp6yd8k/Dhy7/MrAPY6mWY=
github.com/go-orb/plugins/log/slog v0.1.1-0.20250307101622-0ab743aa8529/go.mod h1:EXkIWnd0u1tx26340arH6waM3x+k4VRN4zSLoE8hgpE=
github.com/go-orb/plugins/registry/tests v0.1.1-0.20250307101622-0ab743aa8529 h1:9KwDJNUDwWJpPFbugRmAOnOgNiSdhjNPEAs3eef/Kh8=
github.com/go-orb/plugins/registry/tests v0.1.1-0.20250307101622-0ab743aa8529/go.mod h1:EuI5uOiA/Ob16QIuIYW7h5rN10tuLtSU0jsYwNnrVz4=
github.com/google/uuid v1.6.0 h1:NIvaJDMOsjHA8n1jAhLSgzrAzy1Hgr+hNrb57e+94F0=
github.com/google/uuid v1.6.0/go.mod h1:TIyPZe4MgqvfeYDBFedMoGGpEw/LqOeaOT+nhxU+yHo=
github.com/pmezard/go-difflib v1.0.1-0.20181226105442-5d4384ee4fb2 h1:Jamvg5psRIccs7FGNTlIRMkT8wgtp5eCXdBlqhYGL6U=
github.com/pmezard/go-difflib v1.0.1-0.20181226105442-5d4384ee4fb2/go.mod h1:iKH77koFhYxTK1pcRnkKkqfTogsbg7gZNVY4sRDYZ/4=
github.com/stretchr/testify v1.10.0 h1:Xv5erBjTwe/5IxqUQTdXv5kgmIvbHo3QQyRwhJsOfJA=
github.com/stretchr/testify v1.10.0/go.mod h1:r2ic/lqez/lEtzL7wO/rwa5dbSLXVDPFyf8C91i36aY=
gopkg.in/check.v1 v0.0.0-20161208181325-20d25e280405 h1:yhCVgyC4o1eVCa2tZl7eS0r+SDo693bJlVdllGtEeKM=
gopkg.in/check.v1 v0.0.0-20161208181325-20d25e280405/go.mod h1:Co6ibVJAznAaIkqp8huTwlJQCZ016jof/cbN4VW5Yz0=
gopkg.in/yaml.v3 v3.0.1 h1:fxVm/GzAzEWqLHuvctI91KS9hhNmmWOoWu0XTYJS7CA=
gopkg.in/yaml.v3 v3.0.1/go.mod h1:K4uyk7z7BCEPqu6E+C64Yfv1cQ7kz7rIZviUmN+EgEM=
