github.com/cornelk/hashmap v1.0.8 h1:nv0AWgw02n+iDcawr5It4CjQIAcdMMKRrs10HOJYlrc=
github.com/cornelk/hashmap v1.0.8/go.mod h1:RfZb7JO3RviW/rT6emczVuC/oxpdz4UsSB2LJSclR1k=
github.com/davecgh/go-spew v1.1.2-0.20180830191138-d8f796af33cc h1:U9qPSI2PIWSS1VwoXQT9A3Wy9MM3WgvqSxFWenqJduM=
github.com/davecgh/go-spew v1.1.2-0.20180830191138-d8f796af33cc/go.mod h1:J7Y8YcW2NihsgmVo/mv3lAwl/skON4iLHjSsI+c5H38=
github.com/go-orb/go-orb v0.2.2-0.20250310150137-28d27c7c856e h1:aNZeGsCqC7braUMhRrmBbqVw4QIrY6J2IUyqDZSW8TA=
github.com/go-orb/go-orb v0.2.2-0.20250310150137-28d27c7c856e/go.mod h1:nnJeJbc7HMursS7XlvoIv7k+IJ3se6Z9lHlnUlMoUJ0=
github.com/go-orb/plugins/codecs/json v0.1.1-0.20250310151028-2bd0334e556f h1:j0gkuxI6wBOfiTmL7ZYRrqBkp91vkRfDI+k32ZViihQ=
github.com/go-orb/plugins/codecs/json v0.1.1-0.20250310151028-2bd0334e556f/go.mod h1:btXn+jB+M7+pyjnsxgirbHmE8FhQ6ohu2M1pOCi17w4=
github.com/go-orb/plugins/log/slog v0.1.1-0.20250310151028-2bd0334e556f h1:UNylfzwbar4T6ZR0HfUELBAcoP+1otvSsisMr2lFr0Q=
github.com/go-orb/plugins/log/slog v0.1.1-0.20250310151028-2bd0334e556f/go.mod h1:dlpZQpGVlsRg2+jnDKCYjBCgBCKviiMFtENJ8/4JioU=
github.com/go-orb/plugins/registry/tests v0.1.1-0.20250310151028-2bd0334e556f h1:/x8M5fV2+k8WolsojGig68DW72saC/cmbTOIPcrvrSw=
github.com/go-orb/plugins/registry/tests v0.1.1-0.20250310151028-2bd0334e556f/go.mod h1:Ya4wX7kQAyYAxhLOc9bMAqZybpt57lHa0d6yY5PxG0I=
github.com/google/uuid v1.6.0 h1:NIvaJDMOsjHA8n1jAhLSgzrAzy1Hgr+hNrb57e+94F0=
github.com/google/uuid v1.6.0/go.mod h1:TIyPZe4MgqvfeYDBFedMoGGpEw/LqOeaOT+nhxU+yHo=
github.com/pmezard/go-difflib v1.0.1-0.20181226105442-5d4384ee4fb2 h1:Jamvg5psRIccs7FGNTlIRMkT8wgtp5eCXdBlqhYGL6U=
github.com/pmezard/go-difflib v1.0.1-0.20181226105442-5d4384ee4fb2/go.mod h1:iKH77koFhYxTK1pcRnkKkqfTogsbg7gZNVY4sRDYZ/4=
github.com/stretchr/testify v1.10.0 h1:Xv5erBjTwe/5IxqUQTdXv5kgmIvbHo3QQyRwhJsOfJA=
github.com/stretchr/testify v1.10.0/go.mod h1:r2ic/lqez/lEtzL7wO/rwa5dbSLXVDPFyf8C91i36aY=
gopkg.in/check.v1 v0.0.0-20161208181325-20d25e280405 h1:yhCVgyC4o1eVCa2tZl7eS0r+SDo693bJlVdllGtEeKM=
gopkg.in/check.v1 v0.0.0-20161208181325-20d25e280405/go.mod h1:Co6ibVJAznAaIkqp8huTwlJQCZ016jof/cbN4VW5Yz0=
gopkg.in/yaml.v3 v3.0.1 h1:fxVm/GzAzEWqLHuvctI91KS9hhNmmWOoWu0XTYJS7CA=
gopkg.in/yaml.v3 v3.0.1/go.mod h1:K4uyk7z7BCEPqu6E+C64Yfv1cQ7kz7rIZviUmN+EgEM=
