github.com/cornelk/hashmap v1.0.8 h1:nv0AWgw02n+iDcawr5It4CjQIAcdMMKRrs10HOJYlrc=
github.com/cornelk/hashmap v1.0.8/go.mod h1:RfZb7JO3RviW/rT6emczVuC/oxpdz4UsSB2LJSclR1k=
github.com/cpuguy83/go-md2man/v2 v2.0.6 h1:XJtiaUW6dEEqVuZiMTn1ldk455QWwEIsMIJlo5vtkx0=
github.com/cpuguy83/go-md2man/v2 v2.0.6/go.mod h1:oOW0eioCTA6cOiMLiUPZOpcVxMig6NIQQ7OS05n1F4g=
github.com/davecgh/go-spew v1.1.2-0.20180830191138-d8f796af33cc h1:U9qPSI2PIWSS1VwoXQT9A3Wy9MM3WgvqSxFWenqJduM=
github.com/davecgh/go-spew v1.1.2-0.20180830191138-d8f796af33cc/go.mod h1:J7Y8YcW2NihsgmVo/mv3lAwl/skON4iLHjSsI+c5H38=
github.com/go-chi/chi/v5 v5.2.1 h1:KOIHODQj58PmL80G2Eak4WdvUzjSJSm0vG72crDCqb8=
github.com/go-chi/chi/v5 v5.2.1/go.mod h1:L2yAIGWB3H+phAw1NxKwWM+7eUH/lU8pOMm5hHcoops=
github.com/go-logr/logr v1.4.2 h1:6pFjapn8bFcIbiKo3XT4j/BhANplGihG6tvd+8rYgrY=
github.com/go-logr/logr v1.4.2/go.mod h1:9T104GzyrTigFIr8wt5mBrctHMim0Nb2HLGrmQ40KvY=
github.com/go-logr/stdr v1.2.2 h1:hSWxHoqTgW2S2qGc0LTAI563KZ5YKYRhT3MFKZMbjag=
github.com/go-logr/stdr v1.2.2/go.mod h1:mMo/vtBO5dYbehREoey6XUKy/eSumjCCveDpRre4VKE=
github.com/go-orb/go-orb v0.2.2-0.20250305123333-8e8b471e4858 h1:0Ex7ZstdqzzEkPg++Dj04hCi+CluN2bLV7iWuoUehSg=
github.com/go-orb/go-orb v0.2.2-0.20250305123333-8e8b471e4858/go.mod h1:5LP/2OY9b3N5eOsiVVdU3R78B7kIfNXYNjJi9o0Vbdg=
github.com/go-orb/go-orb v0.2.2-0.20250305134442-f3b67dfc55fe h1:RSHJMY7QFNwAPzYxsnpV5mavvZFUkul0aadNZRg4I7Q=
github.com/go-orb/go-orb v0.2.2-0.20250305134442-f3b67dfc55fe/go.mod h1:LbWY5x8kKbHS/b+cg6UYWkP5cSOSITQHDjXreQr/8z4=
github.com/go-orb/plugins-experimental/registry/mdns v0.0.0-20250305135311-ad2ba0bb8d1c h1:B4R5A7o6k4zmmkWsaumsNxtLe0riGzFQuqtpypQsWbw=
github.com/go-orb/plugins-experimental/registry/mdns v0.0.0-20250305135311-ad2ba0bb8d1c/go.mod h1:v5pn0+LTiXr6UU3taVC2YCiaqq/Y6tHkqI7xt/ITlps=
github.com/go-orb/plugins/client/orb v0.1.4-0.20250301080642-9d51bb50e0e3 h1:yKN/V+3AoaMxCr5XyrZLMVX/7d/8kt8Vg+R894x+j5s=
github.com/go-orb/plugins/client/orb v0.1.4-0.20250301080642-9d51bb50e0e3/go.mod h1:uEFWvuj53vzWhGESaUW5NQYWBBwLKOEHnN+yE9p0XKk=
github.com/go-orb/plugins/client/orb v0.1.4-0.20250305150401-ab2fd6755a1b h1:InLzx+JGI8aBykAbEKhEK+PqdgN4WJTCdkLUwKISB70=
github.com/go-orb/plugins/client/orb v0.1.4-0.20250305150401-ab2fd6755a1b/go.mod h1:/mSOq6S10KRtZB19K1yPJTeyYy3M6MQTAOjNKCXPGmA=
github.com/go-orb/plugins/client/orb_transport/basehttp v0.1.2-0.20250301080642-9d51bb50e0e3 h1:1wlEzIuCBWlq5HKgTkuoBzih1H3hqPY/zl9DIcfV7qM=
github.com/go-orb/plugins/client/orb_transport/basehttp v0.1.2-0.20250301080642-9d51bb50e0e3/go.mod h1:MP0MT1whr+qO3Su2v+dpY0kwUB91YeSrkFcz51zlAzo=
github.com/go-orb/plugins/client/orb_transport/drpc v0.1.1-0.20250301080642-9d51bb50e0e3 h1:cpyj3edwAjLsZ/uuNSju3kuIcPPAckwJmbb+KKrW+r8=
github.com/go-orb/plugins/client/orb_transport/drpc v0.1.1-0.20250301080642-9d51bb50e0e3/go.mod h1:lV3jJu2AHMqPvicj5dh/9TbInsUkkJEFRwD3tOZn0Hc=
github.com/go-orb/plugins/client/orb_transport/grpc v0.1.1-0.20250301080642-9d51bb50e0e3 h1:ifiNfdt5LX1LO3ucXZVOYkm8taHN1a3Wm9luUmA8Z6s=
github.com/go-orb/plugins/client/orb_transport/grpc v0.1.1-0.20250301080642-9d51bb50e0e3/go.mod h1:y02RaIgKE74QV36mGa0z6fJEPEu78mCkZcuz/G/p0DU=
github.com/go-orb/plugins/client/orb_transport/grpc v0.1.1-0.20250305141723-f6e4c13198f6 h1:z0ict4lK8NRSEZd3pzDOoxoCuN9Q2dmgUwRwxzuBG/g=
github.com/go-orb/plugins/client/orb_transport/grpc v0.1.1-0.20250305141723-f6e4c13198f6/go.mod h1:y02RaIgKE74QV36mGa0z6fJEPEu78mCkZcuz/G/p0DU=
github.com/go-orb/plugins/client/orb_transport/h2c v0.1.1-0.20250301080642-9d51bb50e0e3 h1:oSY7NRKdfrcFUFW6bNtlnDn4m0W9U7YX8vE5e+MhWY4=
github.com/go-orb/plugins/client/orb_transport/h2c v0.1.1-0.20250301080642-9d51bb50e0e3/go.mod h1:nTgvhvzmnAuB5zxoz1LL1xb0oXRVKQLD8QhUNWpBfrI=
github.com/go-orb/plugins/client/orb_transport/http v0.1.2-0.20250301080642-9d51bb50e0e3 h1:QBlPZiKtVER1senZUw67jNjwJJU0Tzmo1mHUGyyMVAk=
github.com/go-orb/plugins/client/orb_transport/http v0.1.2-0.20250301080642-9d51bb50e0e3/go.mod h1:remHz5SVD4i91F0gBjMShKM1WMKArHA6qbbxY2bkwN0=
github.com/go-orb/plugins/client/orb_transport/https v0.1.1-0.20250301080642-9d51bb50e0e3 h1:acYqA33impqXLkXr7j7TJipAgJcj7k/mF07TWYloJK8=
github.com/go-orb/plugins/client/orb_transport/https v0.1.1-0.20250301080642-9d51bb50e0e3/go.mod h1:9TenaI1mYL3Lklhjc0vG7E+8V0dgakrfbAsawGtbXVI=
github.com/go-orb/plugins/codecs/json v0.1.1-0.20250301080642-9d51bb50e0e3 h1:0vcccd+MjsM5kN7BwPg4QjRwOmpV688UPwr4O5wYQxk=
github.com/go-orb/plugins/codecs/json v0.1.1-0.20250301080642-9d51bb50e0e3/go.mod h1:h5hlVUks15dxY3O45gsEBtDclrOFZlixF4UHk4uKbMA=
github.com/go-orb/plugins/codecs/json v0.1.1-0.20250305150401-ab2fd6755a1b h1:AnTl2azJJoi7w3YVckDhK3IdxmLTEp3prmb/khWdIdg=
github.com/go-orb/plugins/codecs/json v0.1.1-0.20250305150401-ab2fd6755a1b/go.mod h1:KZ8KXdTEXRGjUKMzMnDrgnR3ZeC7g9RxJYMz7hOKlIc=
github.com/go-orb/plugins/codecs/proto v0.1.1-0.20250301080642-9d51bb50e0e3 h1:0zdpWCHgdzUIjZF1db/nm0enAjeg0nVpZQAkMkZ/gXk=
github.com/go-orb/plugins/codecs/proto v0.1.1-0.20250301080642-9d51bb50e0e3/go.mod h1:DncS+cyB0rLf7MBYaLJsWJ7SsaIKnoJRsxUqng2P0hI=
github.com/go-orb/plugins/codecs/proto v0.1.1-0.20250305150401-ab2fd6755a1b h1:u1McJFqo06YbBhHBykvVGHFr2bBHoJQto7sQXoc4TAQ=
github.com/go-orb/plugins/codecs/proto v0.1.1-0.20250305150401-ab2fd6755a1b/go.mod h1:YVvtReIIG4YjldXYRz48/J49qXYa4EWH1XPipyUOF24=
github.com/go-orb/plugins/codecs/yaml v0.1.1-0.20250301080642-9d51bb50e0e3 h1:FazRerfdILLeyeGm3yQGaFgGjGi3WQarbzm2LZmSvlA=
github.com/go-orb/plugins/codecs/yaml v0.1.1-0.20250301080642-9d51bb50e0e3/go.mod h1:rqbZHZp9smJ/IzGdf+6g53oZL67ca9+YgkLpubai6Z8=
github.com/go-orb/plugins/codecs/yaml v0.1.1-0.20250305150401-ab2fd6755a1b h1:qtlbEV7KYgXsLCxu0FwIcX7BtqkhICCPrFtDtj+Hkdg=
github.com/go-orb/plugins/codecs/yaml v0.1.1-0.20250305150401-ab2fd6755a1b/go.mod h1:UJYb5vIs1lquUMYw3O8jDSy8isJT3qm2gNb1/4Wt9RU=
github.com/go-orb/plugins/config/source/cli/urfave v0.2.2-0.20250301080642-9d51bb50e0e3 h1:gsYXMsniwNk6H/CFdsyQQYye7T5A1IstNfr4VLVIFL8=
github.com/go-orb/plugins/config/source/cli/urfave v0.2.2-0.20250301080642-9d51bb50e0e3/go.mod h1:6/Tgen5k1Sur/Pw3GfUmABsjif3a3dtNmLHO6Q0NcTY=
github.com/go-orb/plugins/config/source/cli/urfave v0.2.2-0.20250305150401-ab2fd6755a1b h1:ExyXaxLUX+LTooZcixC6nClhwsaMxcwftGkaInqiuvo=
github.com/go-orb/plugins/config/source/cli/urfave v0.2.2-0.20250305150401-ab2fd6755a1b/go.mod h1:6/Tgen5k1Sur/Pw3GfUmABsjif3a3dtNmLHO6Q0NcTY=
github.com/go-orb/plugins/config/source/file v0.1.1-0.20250301080642-9d51bb50e0e3 h1:ZcythOzJzHoq7WJq5GgcqGlfqOL7Ii3HgUIfN1Zex84=
github.com/go-orb/plugins/config/source/file v0.1.1-0.20250301080642-9d51bb50e0e3/go.mod h1:q06Ji/Hw0NtaYIWhzJYJPvRTb6jCfNCGEsJe+CLiB+0=
github.com/go-orb/plugins/config/source/file v0.1.1-0.20250305150401-ab2fd6755a1b h1:fAlXkMnTv5eKAfF8WHDd91eeYTpBXlwtMBaT6ciaGnc=
github.com/go-orb/plugins/config/source/file v0.1.1-0.20250305150401-ab2fd6755a1b/go.mod h1:U7PrPVN3Il5ubzJomZBfukpOh8/IhgsLcU8ldZc+59o=
github.com/go-orb/plugins/log/slog v0.1.1-0.20250301080642-9d51bb50e0e3 h1:ePw1xMnVDUCJ/15pSM35gsfxaeeLeuc0YDGcWRQEm5c=
github.com/go-orb/plugins/log/slog v0.1.1-0.20250301080642-9d51bb50e0e3/go.mod h1:ukTlNvAHvsssx7+xV9g92D2qpsALvnNw0FSfRpLA47o=
github.com/go-orb/plugins/log/slog v0.1.1-0.20250305150401-ab2fd6755a1b h1:FdF0m00JjEb2k/tkVhTB2SCnod7wuWsoFpwS2X8/++c=
github.com/go-orb/plugins/log/slog v0.1.1-0.20250305150401-ab2fd6755a1b/go.mod h1:gvYcNw78ietkLlhDjXgQh+mcCJg6rHZLQ4bdYMgL2Ys=
github.com/go-orb/plugins/registry/tests v0.1.0 h1:VvSqKloVKMsIIU6tAcI1JlRh+GsfmPhaeVFYCcHiL80=
github.com/go-orb/plugins/registry/tests v0.1.0/go.mod h1:3hsUqaMEVhVaWAVjDDQkhh4B/4n6SAlsSn29FJ+khBY=
github.com/go-orb/plugins/server/drpc v0.1.1-0.20250301080642-9d51bb50e0e3 h1:l2u0AXpidj356EsZFrJRrI5n6g1ietwV/uxtOXKjVDk=
github.com/go-orb/plugins/server/drpc v0.1.1-0.20250301080642-9d51bb50e0e3/go.mod h1:jFz+giH8stygwYNdTvC8/cjpUt2jWEiQjnxhfxQIKPE=
github.com/go-orb/plugins/server/drpc v0.1.1-0.20250305150401-ab2fd6755a1b h1:23R/UGmi7CTPip1RmbI9ivpjjUX/Lkp9FJfQf73/wo4=
github.com/go-orb/plugins/server/drpc v0.1.1-0.20250305150401-ab2fd6755a1b/go.mod h1:/QxdOFLnVyronODENzox+9BqzpZPXlOrXDDnPL0dEJY=
github.com/go-orb/plugins/server/grpc v0.1.1-0.20250301080642-9d51bb50e0e3 h1:x2zCS8cXG9T2C7Sk+o5+GyorAhsCSTYXfwaqzBL76cw=
github.com/go-orb/plugins/server/grpc v0.1.1-0.20250301080642-9d51bb50e0e3/go.mod h1:9t4wrPqWVdotVxB5W3ITnW3rRcJkMPHmdW2lvHZ9EMs=
github.com/go-orb/plugins/server/grpc v0.1.1-0.20250305150401-ab2fd6755a1b h1:8BlKPOBMWJVIM4cEWoDbKALR53A2RlIzkKhGrRyNRW4=
github.com/go-orb/plugins/server/grpc v0.1.1-0.20250305150401-ab2fd6755a1b/go.mod h1:qAHU86oYzq1oxjgewy/ac0DNAuZnhaH4Ot8jnF/SEu4=
github.com/go-orb/plugins/server/http v0.1.1-0.20250301080642-9d51bb50e0e3 h1:T2ZYU5tQG7e7x+TUD0iBPyH/tXeNSxO+Xzski6bBnl0=
github.com/go-orb/plugins/server/http v0.1.1-0.20250301080642-9d51bb50e0e3/go.mod h1:uew3PbBVH0Z20vLiUbGjRbTmZ1ZXYhjA48Um9GQ8mhA=
github.com/go-orb/plugins/server/http v0.1.1-0.20250305150401-ab2fd6755a1b h1:Ut5sEgxCICXzLdMcNrB5y4kUSPHfdKqswhoko1PAU4Q=
github.com/go-orb/plugins/server/http v0.1.1-0.20250305150401-ab2fd6755a1b/go.mod h1:BRwhEeJc83YSbTiMPhgGFR2v9KHR8zgO4Ef9NPP5nt4=
github.com/go-orb/wire v0.7.0 h1:P9S100bM8nhAgW6e7EJrbi5vzNXCsP/Q1ByIEV5+hUQ=
github.com/go-orb/wire v0.7.0/go.mod h1:/ID7hS6X2F32YnuRgh+k8R/sjucoh4qciqe7dq2dY7g=
github.com/go-task/slim-sprig v0.0.0-20230315185526-52ccab3ef572 h1:tfuBGBXKqDEevZMzYi5KSi8KkcZtzBcTgAUUtapy0OI=
github.com/go-task/slim-sprig/v3 v3.0.0 h1:sUs3vkvUymDpBKi3qH1YSqBQk9+9D/8M2mN1vB6EwHI=
github.com/go-task/slim-sprig/v3 v3.0.0/go.mod h1:W848ghGpv3Qj3dhTPRyJypKRiqCdHZiAzKg9hl15HA8=
github.com/golang/protobuf v1.5.4 h1:i7eJL8qZTpSEXOPTxNKhASYpMn+8e5Q6AdndVa1dWek=
github.com/golang/protobuf v1.5.4/go.mod h1:lnTiLA8Wa4RWRcIUkrtSVa5nRhsEGBg48fD6rSs7xps=
github.com/google/go-cmp v0.2.0/go.mod h1:oXzfMopK8JAjlY9xF4vHSVASa0yLyX7SntLO5aqRK0M=
github.com/google/go-cmp v0.6.0 h1:ofyhxvXcZhMsU5ulbFiLKl/XBFqE1GSq7atu8tAmTRI=
github.com/google/go-cmp v0.6.0/go.mod h1:17dUlkBOakJ0+DkrSSNjCkIjxS6bF9zb3elmeNGIjoY=
github.com/google/pprof v0.0.0-20250302191652-9094ed2288e7 h1:+J3r2e8+RsmN3vKfo75g0YSY61ms37qzPglu4p0sGro=
github.com/google/pprof v0.0.0-20250302191652-9094ed2288e7/go.mod h1:vavhavw2zAxS5dIdcRluK6cSGGPlZynqzFM8NdvU144=
github.com/google/subcommands v1.2.0 h1:vWQspBTo2nEqTUFita5/KeEWlUL8kQObDFbub/EN9oE=
github.com/google/subcommands v1.2.0/go.mod h1:ZjhPrFU+Olkh9WazFPsl27BQ4UPiG37m3yTrtFlrHVk=
github.com/google/uuid v1.6.0 h1:NIvaJDMOsjHA8n1jAhLSgzrAzy1Hgr+hNrb57e+94F0=
github.com/google/uuid v1.6.0/go.mod h1:TIyPZe4MgqvfeYDBFedMoGGpEw/LqOeaOT+nhxU+yHo=
github.com/hashicorp/errwrap v1.0.0/go.mod h1:YH+1FKiLXxHSkmPseP+kNlulaMuP3n2brvKWEqk/Jc4=
github.com/hashicorp/errwrap v1.1.0 h1:OxrOeh75EUXMY8TBjag2fzXGZ40LB6IKw45YeGUDY2I=
github.com/hashicorp/errwrap v1.1.0/go.mod h1:YH+1FKiLXxHSkmPseP+kNlulaMuP3n2brvKWEqk/Jc4=
github.com/hashicorp/go-multierror v1.1.1 h1:H5DkEtf6CXdFp0N0Em5UCwQpXMWke8IA0+lD48awMYo=
github.com/hashicorp/go-multierror v1.1.1/go.mod h1:iw975J/qwKPdAO1clOe2L8331t/9/fmwbPZ6JB6eMoM=
github.com/miekg/dns v1.1.63 h1:8M5aAw6OMZfFXTT7K5V0Eu5YiiL8l7nUAkyN6C9YwaY=
github.com/miekg/dns v1.1.63/go.mod h1:6NGHfjhpmr5lt3XPLuyfDJi5AXbNIPM9PY6H6sF1Nfs=
github.com/onsi/ginkgo/v2 v2.22.2 h1:/3X8Panh8/WwhU/3Ssa6rCKqPLuAkVY2I0RoyDLySlU=
github.com/onsi/ginkgo/v2 v2.22.2/go.mod h1:oeMosUL+8LtarXBHu/c0bx2D/K9zyQ6uX3cTyztHwsk=
github.com/onsi/gomega v1.36.2 h1:koNYke6TVk6ZmnyHrCXba/T/MoLBXFjeC1PtvYgw0A8=
github.com/onsi/gomega v1.36.2/go.mod h1:DdwyADRjrc825LhMEkD76cHR5+pUnjhUN8GlHlRPHzY=
github.com/pmezard/go-difflib v1.0.0/go.mod h1:iKH77koFhYxTK1pcRnkKkqfTogsbg7gZNVY4sRDYZ/4=
github.com/pmezard/go-difflib v1.0.1-0.20181226105442-5d4384ee4fb2 h1:Jamvg5psRIccs7FGNTlIRMkT8wgtp5eCXdBlqhYGL6U=
github.com/pmezard/go-difflib v1.0.1-0.20181226105442-5d4384ee4fb2/go.mod h1:iKH77koFhYxTK1pcRnkKkqfTogsbg7gZNVY4sRDYZ/4=
github.com/quic-go/qpack v0.5.1 h1:giqksBPnT/HDtZ6VhtFKgoLOWmlyo9Ei6u9PqzIMbhI=
github.com/quic-go/qpack v0.5.1/go.mod h1:+PC4XFrEskIVkcLzpEkbLqq1uCoxPhQuvK5rH1ZgaEg=
github.com/quic-go/quic-go v0.50.0 h1:3H/ld1pa3CYhkcc20TPIyG1bNsdhn9qZBGN3b9/UyUo=
github.com/quic-go/quic-go v0.50.0/go.mod h1:Vim6OmUvlYdwBhXP9ZVrtGmCMWa3wEqhq3NgYrI8b4E=
github.com/russross/blackfriday/v2 v2.1.0 h1:JIOH55/0cWyOuilr9/qlrm0BSXldqnqwMsf35Ld67mk=
github.com/russross/blackfriday/v2 v2.1.0/go.mod h1:+Rmxgy9KzJVeS9/2gXHxylqXiyQDYRxCVz55jmeOWTM=
github.com/stretchr/testify v1.10.0 h1:Xv5erBjTwe/5IxqUQTdXv5kgmIvbHo3QQyRwhJsOfJA=
github.com/stretchr/testify v1.10.0/go.mod h1:r2ic/lqez/lEtzL7wO/rwa5dbSLXVDPFyf8C91i36aY=
github.com/urfave/cli/v2 v2.27.6 h1:VdRdS98FNhKZ8/Az8B7MTyGQmpIr36O1EHybx/LaZ4g=
github.com/urfave/cli/v2 v2.27.6/go.mod h1:3Sevf16NykTbInEnD0yKkjDAeZDS0A6bzhBH5hrMvTQ=
github.com/xrash/smetrics v0.0.0-20240521201337-686a1a2994c1 h1:gEOO8jv9F4OT7lGCjxCBTO/36wtF6j2nSip77qHd4x4=
github.com/xrash/smetrics v0.0.0-20240521201337-686a1a2994c1/go.mod h1:Ohn+xnUBiLI6FVj/9LpzZWtj1/D6lUovWYBkxHVV3aM=
github.com/yuin/goldmark v1.4.13/go.mod h1:6yULJ656Px+3vBD8DxQVa3kxgyrAnzto9xy5taEt/CY=
github.com/zeebo/assert v1.3.0 h1:g7C04CbJuIDKNPFHmsk4hwZDO5O+kntRxzaUoNXj+IQ=
github.com/zeebo/assert v1.3.0/go.mod h1:Pq9JiuJQpG8JLJdtkwrJESF0Foym2/D9XMU5ciN/wJ0=
github.com/zeebo/errs v1.4.0 h1:XNdoD/RRMKP7HD0UhJnIzUy74ISdGGxURlYG8HSWSfM=
github.com/zeebo/errs v1.4.0/go.mod h1:sgbWHsvVuTPHcqJJGQ1WhI5KbWlHYz+2+2C/LSEtCw4=
go.opentelemetry.io/auto/sdk v1.1.0 h1:cH53jehLUN6UFLY71z+NDOiNJqDdPRaXzTel0sJySYA=
go.opentelemetry.io/auto/sdk v1.1.0/go.mod h1:3wSPjt5PWp2RhlCcmmOial7AvC4DQqZb7a7wCow3W8A=
go.opentelemetry.io/otel v1.34.0 h1:zRLXxLCgL1WyKsPVrgbSdMN4c0FMkDAskSTQP+0hdUY=
go.opentelemetry.io/otel v1.34.0/go.mod h1:OWFPOQ+h4G8xpyjgqo4SxJYdDQ/qmRH+wivy7zzx9oI=
go.opentelemetry.io/otel/metric v1.34.0 h1:+eTR3U0MyfWjRDhmFMxe2SsW64QrZ84AOhvqS7Y+PoQ=
go.opentelemetry.io/otel/metric v1.34.0/go.mod h1:CEDrp0fy2D0MvkXE+dPV7cMi8tWZwX3dmaIhwPOaqHE=
go.opentelemetry.io/otel/sdk v1.34.0 h1:95zS4k/2GOy069d321O8jWgYsW3MzVV+KuSPKp7Wr1A=
go.opentelemetry.io/otel/sdk v1.34.0/go.mod h1:0e/pNiaMAqaykJGKbi+tSjWfNNHMTxoC9qANsCzbyxU=
go.opentelemetry.io/otel/sdk/metric v1.34.0 h1:5CeK9ujjbFVL5c1PhLuStg1wxA7vQv7ce1EK0Gyvahk=
go.opentelemetry.io/otel/sdk/metric v1.34.0/go.mod h1:jQ/r8Ze28zRKoNRdkjCZxfs6YvBTG1+YIqyFVFYec5w=
go.opentelemetry.io/otel/trace v1.34.0 h1:+ouXS2V8Rd4hp4580a8q23bg0azF2nI8cqLYnC8mh/k=
go.opentelemetry.io/otel/trace v1.34.0/go.mod h1:Svm7lSjQD7kG7KJ/MUHPVXSDGz2OX4h0M2jHBhmSfRE=
go.uber.org/mock v0.5.0 h1:KAMbZvZPyBPWgD14IrIQ38QCyjwpvVVV6K/bHl1IwQU=
go.uber.org/mock v0.5.0/go.mod h1:ge71pBPLYDk7QIi1LupWxdAykm7KIEFchiOqd6z7qMM=
golang.org/x/crypto v0.0.0-20190308221718-c2843e01d9a2/go.mod h1:djNgcEr1/C05ACkg1iLfiJU5Ep61QUkGW8qpdssI0+w=
golang.org/x/crypto v0.0.0-20210921155107-089bfa567519/go.mod h1:GvvjBRRGRdwPK5ydBHafDWAxML/pGHZbMvKqRZ5+Abc=
golang.org/x/crypto v0.13.0/go.mod h1:y6Z2r+Rw4iayiXXAIxJIDAJ1zMW4yaTpebo8fPOliYc=
golang.org/x/crypto v0.18.0/go.mod h1:R0j02AL6hcrfOiy9T4ZYp/rcWeMxM3L6QYxlOuEG1mg=
golang.org/x/crypto v0.35.0 h1:b15kiHdrGCHrP6LvwaQ3c03kgNhhiMgvlhxHQhmg2Xs=
golang.org/x/crypto v0.35.0/go.mod h1:dy7dXNW32cAb/6/PRuTNsix8T+vJAqvuIy5Bli/x0YQ=
golang.org/x/exp v0.0.0-20250228200357-dead58393ab7 h1:aWwlzYV971S4BXRS9AmqwDLAD85ouC6X+pocatKY58c=
golang.org/x/exp v0.0.0-20250228200357-dead58393ab7/go.mod h1:BHOTPb3L19zxehTsLoJXVaTktb06DFgmdW6Wb9s8jqk=
golang.org/x/mod v0.6.0-dev.0.20220419223038-86c51ed26bb4/go.mod h1:jJ57K6gSWd91VN4djpZkiMVwK6gcyfeH4XE8wZrZaV4=
golang.org/x/mod v0.8.0/go.mod h1:iBbtSCu2XBx23ZKBPSOrRkjjQPZFPuis4dIYUhu/chs=
golang.org/x/mod v0.12.0/go.mod h1:iBbtSCu2XBx23ZKBPSOrRkjjQPZFPuis4dIYUhu/chs=
golang.org/x/mod v0.14.0/go.mod h1:hTbmBsO62+eylJbnUtE2MGJUyE7QWk4xUqPFrRgJ+7c=
golang.org/x/mod v0.24.0 h1:ZfthKaKaT4NrhGVZHO1/WDTwGES4De8KtWO0SIbNJMU=
golang.org/x/mod v0.24.0/go.mod h1:IXM97Txy2VM4PJ3gI61r1YEk/gAj6zAHN3AdZt6S9Ww=
golang.org/x/net v0.0.0-20190620200207-3b0461eec859/go.mod h1:z5CRVTTTmAJ677TzLLGU+0bjPO0LkuOLi4/5GtJWs/s=
golang.org/x/net v0.0.0-20210226172049-e18ecbb05110/go.mod h1:m0MpNAwzfU5UDzcl9v0D8zg8gWTRqZa9RBIspLL5mdg=
golang.org/x/net v0.0.0-20220722155237-a158d28d115b/go.mod h1:XRhObCWvk6IyKnWLug+ECip1KBveYUHfp+8e9klMJ9c=
golang.org/x/net v0.6.0/go.mod h1:2Tu9+aMcznHK/AK1HMvgo6xiTLG5rD5rZLDS+rp2Bjs=
golang.org/x/net v0.10.0/go.mod h1:0qNGK6F8kojg2nk9dLZ2mShWaEBan6FAoqfSigmmuDg=
golang.org/x/net v0.15.0/go.mod h1:idbUs1IY1+zTqbi8yxTbhexhEEk5ur9LInksu6HrEpk=
golang.org/x/net v0.20.0/go.mod h1:z8BVo6PvndSri0LbOE3hAn0apkU+1YvI6E70E9jsnvY=
golang.org/x/net v0.36.0 h1:vWF2fRbw4qslQsQzgFqZff+BItCvGFQqKzKIzx1rmoA=
golang.org/x/net v0.36.0/go.mod h1:bFmbeoIPfrw4sMHNhb4J9f6+tPziuGjq7Jk/38fxi1I=
golang.org/x/sync v0.0.0-20190423024810-112230192c58/go.mod h1:RxMgew5VJxzue5/jJTE5uejpjVlOe/izrB70Jof72aM=
golang.org/x/sync v0.0.0-20220722155255-886fb9371eb4/go.mod h1:RxMgew5VJxzue5/jJTE5uejpjVlOe/izrB70Jof72aM=
golang.org/x/sync v0.1.0/go.mod h1:RxMgew5VJxzue5/jJTE5uejpjVlOe/izrB70Jof72aM=
golang.org/x/sync v0.3.0/go.mod h1:FU7BRWz2tNW+3quACPkgCx/L+uEAv1htQ0V83Z9Rj+Y=
golang.org/x/sync v0.6.0/go.mod h1:Czt+wKu1gCyEFDUtn0jG5QVvpJ6rzVqr5aXyt9drQfk=
golang.org/x/sync v0.12.0 h1:MHc5BpPuC30uJk597Ri8TV3CNZcTLu6B6z4lJy+g6Jw=
golang.org/x/sync v0.12.0/go.mod h1:1dzgHSNfp02xaA81J2MS99Qcpr2w7fw1gpm99rleRqA=
golang.org/x/sys v0.0.0-20190215142949-d0b11bdaac8a/go.mod h1:STP8DvDyc/dI5b8T5hshtkjS+E42TnysNCUPdjciGhY=
golang.org/x/sys v0.0.0-20201119102817-f84b799fce68/go.mod h1:h1NjWce9XRLGQEsW7wpKNCjG9DtNlClVuFLEZdDNbEs=
golang.org/x/sys v0.0.0-20210615035016-665e8c7367d1/go.mod h1:oPkhp1MJrh7nUepCBck5+mAzfO9JrbApNNgaTdGDITg=
golang.org/x/sys v0.0.0-20220520151302-bc2c85ada10a/go.mod h1:oPkhp1MJrh7nUepCBck5+mAzfO9JrbApNNgaTdGDITg=
golang.org/x/sys v0.0.0-20220722155257-8c9f86f7a55f/go.mod h1:oPkhp1MJrh7nUepCBck5+mAzfO9JrbApNNgaTdGDITg=
golang.org/x/sys v0.5.0/go.mod h1:oPkhp1MJrh7nUepCBck5+mAzfO9JrbApNNgaTdGDITg=
golang.org/x/sys v0.8.0/go.mod h1:oPkhp1MJrh7nUepCBck5+mAzfO9JrbApNNgaTdGDITg=
golang.org/x/sys v0.12.0/go.mod h1:oPkhp1MJrh7nUepCBck5+mAzfO9JrbApNNgaTdGDITg=
golang.org/x/sys v0.16.0/go.mod h1:/VUhepiaJMQUp4+oa/7Zr1D23ma6VTLIYjOOTFZPUcA=
golang.org/x/sys v0.31.0 h1:ioabZlmFYtWhL+TRYpcnNlLwhyxaM9kWTDEmfnprqik=
golang.org/x/sys v0.31.0/go.mod h1:BJP2sWEmIv4KK5OTEluFJCKSidICx8ciO85XgH3Ak8k=
golang.org/x/term v0.0.0-20201126162022-7de9c90e9dd1/go.mod h1:bj7SfCRtBDWHUb9snDiAeCFNEtKQo2Wmx5Cou7ajbmo=
golang.org/x/term v0.0.0-20210927222741-03fcf44c2211/go.mod h1:jbD1KX2456YbFQfuXm/mYQcufACuNUgVhRMnK/tPxf8=
golang.org/x/term v0.5.0/go.mod h1:jMB1sMXY+tzblOD4FWmEbocvup2/aLOaQEp7JmGp78k=
golang.org/x/term v0.8.0/go.mod h1:xPskH00ivmX89bAKVGSKKtLOWNx2+17Eiy94tnKShWo=
golang.org/x/term v0.12.0/go.mod h1:owVbMEjm3cBLCHdkQu9b1opXd4ETQWc3BhuQGKgXgvU=
golang.org/x/term v0.16.0/go.mod h1:yn7UURbUtPyrVJPGPq404EukNFxcm/foM+bV/bfcDsY=
golang.org/x/text v0.3.0/go.mod h1:NqM8EUOU14njkJ3fqMW+pc6Ldnwhi/IjpwHt7yyuwOQ=
golang.org/x/text v0.3.3/go.mod h1:5Zoc/QRtKVWzQhOtBMvqHzDpF6irO9z98xDceosuGiQ=
golang.org/x/text v0.3.7/go.mod h1:u+2+/6zg+i71rQMx5EYifcz6MCKuco9NR6JIITiCfzQ=
golang.org/x/text v0.7.0/go.mod h1:mrYo+phRRbMaCq/xk9113O4dZlRixOauAjOtrjsXDZ8=
golang.org/x/text v0.9.0/go.mod h1:e1OnstbJyHTd6l/uOt8jFFHp6TRDWZR/bV3emEE/zU8=
golang.org/x/text v0.13.0/go.mod h1:TvPlkZtksWOMsz7fbANvkp4WM8x/WCo/om8BMLbz+aE=
golang.org/x/text v0.14.0/go.mod h1:18ZOQIKpY8NJVqYksKHtTdi31H5itFRjB5/qKTNYzSU=
golang.org/x/text v0.22.0 h1:bofq7m3/HAFvbF51jz3Q9wLg3jkvSPuiZu/pD1XwgtM=
golang.org/x/text v0.22.0/go.mod h1:YRoo4H8PVmsu+E3Ou7cqLVH8oXWIHVoX0jqUWALQhfY=
golang.org/x/time v0.5.0 h1:o7cqy6amK/52YcAKIPlM3a+Fpj35zvRj2TP+e1xFSfk=
golang.org/x/time v0.5.0/go.mod h1:3BpzKBy/shNhVucY/MWOyx10tF3SFh9QdLuxbVysPQM=
golang.org/x/tools v0.0.0-20180917221912-90fa682c2a6e/go.mod h1:n7NCudcB/nEzxVGmLbDWY5pfWTLqBcC2KZ6jyYvM4mQ=
golang.org/x/tools v0.0.0-20191119224855-298f0cb1881e/go.mod h1:b+2E5dAYhXwXZwtnZ6UAqBI28+e2cm9otk0dWdXHAEo=
golang.org/x/tools v0.1.12/go.mod h1:hNGJHUnrk76NpqgfD5Aqm5Crs+Hm0VOH/i9J2+nxYbc=
golang.org/x/tools v0.6.0/go.mod h1:Xwgl3UAJ/d3gWutnCtw505GrjyAbvKui8lOU390QaIU=
golang.org/x/tools v0.13.0/go.mod h1:HvlwmtVNQAhOuCjW7xxvovg8wbNq7LwfXh/k7wXUl58=
golang.org/x/tools v0.17.0/go.mod h1:xsh6VxdV005rRVaS6SSAf9oiAqljS7UZUacMZ8Bnsps=
golang.org/x/tools v0.30.0 h1:BgcpHewrV5AUp2G9MebG4XPFI1E2W41zU1SaqVA9vJY=
golang.org/x/tools v0.30.0/go.mod h1:c347cR/OJfw5TI+GfX7RUPNMdDRRbjvYTS0jPyvsVtY=
golang.org/x/xerrors v0.0.0-20190717185122-a985d3407aa7/go.mod h1:I/5z698sn9Ka8TeJc9MKroUUfqBBauWjQqLJ2OPfmY0=
google.golang.org/genproto/googleapis/rpc v0.0.0-20250303144028-a0af3efb3deb h1:TLPQVbx1GJ8VKZxz52VAxl1EBgKXXbTiU9Fc5fZeLn4=
google.golang.org/genproto/googleapis/rpc v0.0.0-20250303144028-a0af3efb3deb/go.mod h1:LuRYeWDFV6WOn90g357N17oMCaxpgCnbi/44qJvDn2I=
google.golang.org/grpc v1.71.0 h1:kF77BGdPTQ4/JZWMlb9VpJ5pa25aqvVqogsxNHHdeBg=
google.golang.org/grpc v1.71.0/go.mod h1:H0GRtasmQOh9LkFoCPDu3ZrwUtD1YGE+b2vYBYd/8Ec=
google.golang.org/protobuf v1.36.5 h1:tPhr+woSbjfYvY6/GPufUoYizxw1cF/yFoxJ2fmpwlM=
google.golang.org/protobuf v1.36.5/go.mod h1:9fA7Ob0pmnwhb644+1+CVWFRbNajQ6iRojtC/QF5bRE=
gopkg.in/check.v1 v0.0.0-20161208181325-20d25e280405 h1:yhCVgyC4o1eVCa2tZl7eS0r+SDo693bJlVdllGtEeKM=
gopkg.in/check.v1 v0.0.0-20161208181325-20d25e280405/go.mod h1:Co6ibVJAznAaIkqp8huTwlJQCZ016jof/cbN4VW5Yz0=
gopkg.in/yaml.v3 v3.0.1 h1:fxVm/GzAzEWqLHuvctI91KS9hhNmmWOoWu0XTYJS7CA=
gopkg.in/yaml.v3 v3.0.1/go.mod h1:K4uyk7z7BCEPqu6E+C64Yfv1cQ7kz7rIZviUmN+EgEM=
storj.io/drpc v0.0.34 h1:q9zlQKfJ5A7x8NQNFk8x7eKUF78FMhmAbZLnFK+og7I=
storj.io/drpc v0.0.34/go.mod h1:Y9LZaa8esL1PW2IDMqJE7CFSNq7d5bQ3RI7mGPtmKMg=
