github.com/cornelk/hashmap v1.0.8 h1:nv0AWgw02n+iDcawr5It4CjQIAcdMMKRrs10HOJYlrc=
github.com/cornelk/hashmap v1.0.8/go.mod h1:RfZb7JO3RviW/rT6emczVuC/oxpdz4UsSB2LJSclR1k=
github.com/go-orb/go-orb v0.2.2-0.20250307213241-c0f330c4e8b5 h1:K4T5dG4ptFOnV4S2zTipXy2WlrfDGXNHJXxXrEoD6DY=
github.com/go-orb/go-orb v0.2.2-0.20250307213241-c0f330c4e8b5/go.mod h1:TO/Gnyh+NGy5S5vZj9sYf+U9LSFhwUeAxdlxiPtj6PY=
