github.com/cornelk/hashmap v1.0.8 h1:nv0AWgw02n+iDcawr5It4CjQIAcdMMKRrs10HOJYlrc=
github.com/cornelk/hashmap v1.0.8/go.mod h1:RfZb7JO3RviW/rT6emczVuC/oxpdz4UsSB2LJSclR1k=
github.com/go-orb/go-orb v0.0.0-20241009192637-67e6b576f4f3 h1:H1Y1sNlUA8Os1kGNBdR+2ZYfdMOaNSdZUU9/qLyvu4g=
github.com/go-orb/go-orb v0.0.0-20241009192637-67e6b576f4f3/go.mod h1:59wJps2KJS+ggIwA9Y9NIcI+X83BkEyHSnuoXrEb3v8=
github.com/goccy/go-json v0.10.3 h1:KZ5WoDbxAIgm2HNbYckL0se1fHD6rz5j4ywS6ebzDqA=
github.com/goccy/go-json v0.10.3/go.mod h1:oq7eo15ShAhp70Anwd5lgX2pLfOS3QCiwU/PULtXL6M=
