github.com/cornelk/hashmap v1.0.8 h1:nv0AWgw02n+iDcawr5It4CjQIAcdMMKRrs10HOJYlrc=
github.com/cornelk/hashmap v1.0.8/go.mod h1:RfZb7JO3RviW/rT6emczVuC/oxpdz4UsSB2LJSclR1k=
github.com/go-orb/go-orb v0.2.2-0.20250306190351-f0e336603d9e h1:SgJ8T5Cb6NVuAD97dhmvAyd/d+9q+qpSXOpjYAkfmGw=
github.com/go-orb/go-orb v0.2.2-0.20250306190351-f0e336603d9e/go.mod h1:LbWY5x8kKbHS/b+cg6UYWkP5cSOSITQHDjXreQr/8z4=
