github.com/cornelk/hashmap v1.0.8 h1:nv0AWgw02n+iDcawr5It4CjQIAcdMMKRrs10HOJYlrc=
github.com/cornelk/hashmap v1.0.8/go.mod h1:RfZb7JO3RviW/rT6emczVuC/oxpdz4UsSB2LJSclR1k=
github.com/davecgh/go-spew v1.1.2-0.20180830191138-d8f796af33cc h1:U9qPSI2PIWSS1VwoXQT9A3Wy9MM3WgvqSxFWenqJduM=
github.com/davecgh/go-spew v1.1.2-0.20180830191138-d8f796af33cc/go.mod h1:J7Y8YcW2NihsgmVo/mv3lAwl/skON4iLHjSsI+c5H38=
github.com/go-orb/go-orb v0.0.0-20240808121121-1f65fceb24af h1:OiJ62ZLgz831+Ubv5wrC+5prZzS6LvYswUQGcAIXa7o=
github.com/go-orb/go-orb v0.0.0-20240808121121-1f65fceb24af/go.mod h1:1QerXe4TRJ0YMR2cQlyPhfdKUCVwD/kAHvsuYcwoTfw=
github.com/go-orb/go-orb v0.0.0-20240810234651-a01190e49d61 h1:Kw94tna2x4TywAwUKRs10+oZ/9fGy8av9KbNygsm9IE=
github.com/go-orb/go-orb v0.0.0-20240810234651-a01190e49d61/go.mod h1:1QerXe4TRJ0YMR2cQlyPhfdKUCVwD/kAHvsuYcwoTfw=
github.com/go-orb/plugins/client/orb v0.0.0-20240809105731-a8ee45a15344 h1:zq877xERb7sxXZpJWl/E75aoOikgX82VOmPIn3y5/2E=
github.com/go-orb/plugins/client/orb v0.0.0-20240809105731-a8ee45a15344/go.mod h1:2FSjbWXkZDsPkV2Zm2B1UXf9OHGQTxrjUlK3p55kuAk=
github.com/go-orb/plugins/client/orb v0.0.0-20240810233646-0b3616b1829d h1:1gcD2tRPCoiXw6bqQL2tYHtcDDCcRqTjmOmyv3Z8mRw=
github.com/go-orb/plugins/client/orb v0.0.0-20240810233646-0b3616b1829d/go.mod h1:2FSjbWXkZDsPkV2Zm2B1UXf9OHGQTxrjUlK3p55kuAk=
github.com/go-orb/plugins/client/orb_transport/basehttp v0.0.0-20240809105731-a8ee45a15344 h1:c/gwE8RUD2uahmA8cojlDQrknh1+gf49/sDYIgrTtvo=
github.com/go-orb/plugins/client/orb_transport/basehttp v0.0.0-20240809105731-a8ee45a15344/go.mod h1:CmZh5NKlbmWCwydNwu7RFF9sLEXhdOyNULt4snSlkkQ=
github.com/go-orb/plugins/client/orb_transport/basehttp v0.0.0-20240810233646-0b3616b1829d h1:i8BfITwQJ1xRvRGVJOpJIk9Y07RRT4WB3tcwKJimgnE=
github.com/go-orb/plugins/client/orb_transport/basehttp v0.0.0-20240810233646-0b3616b1829d/go.mod h1:Iq9DafWdJa6duEuRwaVNrRjSsm6JkP18O5ohnwE1yQc=
github.com/pmezard/go-difflib v1.0.1-0.20181226105442-5d4384ee4fb2 h1:Jamvg5psRIccs7FGNTlIRMkT8wgtp5eCXdBlqhYGL6U=
github.com/pmezard/go-difflib v1.0.1-0.20181226105442-5d4384ee4fb2/go.mod h1:iKH77koFhYxTK1pcRnkKkqfTogsbg7gZNVY4sRDYZ/4=
github.com/stretchr/testify v1.8.4 h1:CcVxjf3Q8PM0mHUKJCdn+eZZtm5yQwehR5yeSVQQcUk=
github.com/stretchr/testify v1.8.4/go.mod h1:sz/lmYIOXD/1dqDmKjjqLyZ2RngseejIcXlSw2iwfAo=
gopkg.in/yaml.v3 v3.0.1 h1:fxVm/GzAzEWqLHuvctI91KS9hhNmmWOoWu0XTYJS7CA=
gopkg.in/yaml.v3 v3.0.1/go.mod h1:K4uyk7z7BCEPqu6E+C64Yfv1cQ7kz7rIZviUmN+EgEM=
