github.com/cornelk/hashmap v1.0.8 h1:nv0AWgw02n+iDcawr5It4CjQIAcdMMKRrs10HOJYlrc=
github.com/cornelk/hashmap v1.0.8/go.mod h1:RfZb7JO3RviW/rT6emczVuC/oxpdz4UsSB2LJSclR1k=
github.com/go-orb/go-orb v0.2.2-0.20250311132430-0e33342756e5 h1:mj8nSHiIy9QeEHsh7MJF/GgVrfZTu9bsO65QklAoPf4=
github.com/go-orb/go-orb v0.2.2-0.20250311132430-0e33342756e5/go.mod h1:UgBB26ldvzHNjg6721K2o5DEM6qX44ZHqCW0SanoAFA=
github.com/go-orb/plugins/client/orb v0.1.4-0.20250311132509-af55a9d486b9 h1:P+RhM4ot/Z1NrfnFZVHxTMnuYld4a9LCHkJrcTyeiKU=
github.com/go-orb/plugins/client/orb v0.1.4-0.20250311132509-af55a9d486b9/go.mod h1:/Wx09PSBKu237UD2F6xLU/2mWfLHHVzOuT7BHWresyA=
github.com/go-orb/plugins/client/orb_transport/basehttp v0.0.0-20250311132509-af55a9d486b9 h1:fTtxlvw2QA9f8yv9xEez+daiZMYsbCrbquyz9BLYgv8=
github.com/go-orb/plugins/client/orb_transport/basehttp v0.0.0-20250311132509-af55a9d486b9/go.mod h1:rFyXTaCVuex5ivL3EjczbUmMG4yT9yjr5P9jrbryBIs=
