github.com/cornelk/hashmap v1.0.8 h1:nv0AWgw02n+iDcawr5It4CjQIAcdMMKRrs10HOJYlrc=
github.com/cornelk/hashmap v1.0.8/go.mod h1:RfZb7JO3RviW/rT6emczVuC/oxpdz4UsSB2LJSclR1k=
github.com/go-orb/go-orb v0.0.0-20241110084057-e256fbfa128d h1:z6KbQerINwOTr2Wki1Me0B5jZ7IwLizdjL7Klzn+g0M=
github.com/go-orb/go-orb v0.0.0-20241110084057-e256fbfa128d/go.mod h1:IqEV2MC/Xasp/x0cHO+RcQUHjOdP5ObL5vht+KD0l6A=
