github.com/cornelk/hashmap v1.0.8 h1:nv0AWgw02n+iDcawr5It4CjQIAcdMMKRrs10HOJYlrc=
github.com/cornelk/hashmap v1.0.8/go.mod h1:RfZb7JO3RviW/rT6emczVuC/oxpdz4UsSB2LJSclR1k=
github.com/go-orb/go-orb v0.0.0-20250223062516-2e68b601dde6 h1:rWyWdagz2Y0VMeE8umtE2eT4JhqvvevboWHfIOWjH9g=
github.com/go-orb/go-orb v0.0.0-20250223062516-2e68b601dde6/go.mod h1:5LP/2OY9b3N5eOsiVVdU3R78B7kIfNXYNjJi9o0Vbdg=
