github.com/cornelk/hashmap v1.0.8 h1:nv0AWgw02n+iDcawr5It4CjQIAcdMMKRrs10HOJYlrc=
github.com/cornelk/hashmap v1.0.8/go.mod h1:RfZb7JO3RviW/rT6emczVuC/oxpdz4UsSB2LJSclR1k=
github.com/go-orb/go-orb v0.3.1-0.20250405015028-7ca2e976a1d4 h1:R8fkNwiDrhoVE4mjscPa5s/ckolktsttnxlxFT0ONAQ=
github.com/go-orb/go-orb v0.3.1-0.20250405015028-7ca2e976a1d4/go.mod h1:DBamAST285wD+Ydbil1HGl9X19Sj+0xR1ZqFzKDxOgM=
github.com/shamaton/msgpack/v2 v2.2.3 h1:uDOHmxQySlvlUYfQwdjxyybAOzjlQsD1Vjy+4jmO9NM=
github.com/shamaton/msgpack/v2 v2.2.3/go.mod h1:6khjYnkx73f7VQU7wjcFS9DFjs+59naVWJv1TB7qdOI=
