github.com/cornelk/hashmap v1.0.8 h1:nv0AWgw02n+iDcawr5It4CjQIAcdMMKRrs10HOJYlrc=
github.com/cornelk/hashmap v1.0.8/go.mod h1:RfZb7JO3RviW/rT6emczVuC/oxpdz4UsSB2LJSclR1k=
github.com/go-orb/go-orb v0.2.2-0.20250311002648-13bc5bcb0777 h1:J5XqkohsF/Q/qJowLsJJ8TwLdO3XTd9WVqF2YmMgiNw=
github.com/go-orb/go-orb v0.2.2-0.20250311002648-13bc5bcb0777/go.mod h1:UgBB26ldvzHNjg6721K2o5DEM6qX44ZHqCW0SanoAFA=
github.com/go-orb/plugins/client/orb v0.1.4-0.20250311004605-0d36f94a334f h1:gezbfUjkzrzx+aVaXmlmsv5V8/WL0QixsnvGWv8xwaw=
github.com/go-orb/plugins/client/orb v0.1.4-0.20250311004605-0d36f94a334f/go.mod h1:/Wx09PSBKu237UD2F6xLU/2mWfLHHVzOuT7BHWresyA=
github.com/go-orb/plugins/client/orb_transport/basehttp v0.0.0-20250311004605-0d36f94a334f h1:T0ojbEwNDp60usNCHJ33iLyo1KfLqmvEAWyab+Xrq2w=
github.com/go-orb/plugins/client/orb_transport/basehttp v0.0.0-20250311004605-0d36f94a334f/go.mod h1:ODnHA1M5Au53/Wn1CgMy+Mm8jEy/C+PuCMQ/j8IAoCY=
