github.com/cornelk/hashmap v1.0.8 h1:nv0AWgw02n+iDcawr5It4CjQIAcdMMKRrs10HOJYlrc=
github.com/cornelk/hashmap v1.0.8/go.mod h1:RfZb7JO3RviW/rT6emczVuC/oxpdz4UsSB2LJSclR1k=
github.com/go-orb/go-orb v0.2.2-0.20250311002648-13bc5bcb0777 h1:J5XqkohsF/Q/qJowLsJJ8TwLdO3XTd9WVqF2YmMgiNw=
github.com/go-orb/go-orb v0.2.2-0.20250311002648-13bc5bcb0777/go.mod h1:UgBB26ldvzHNjg6721K2o5DEM6qX44ZHqCW0SanoAFA=
github.com/go-orb/plugins/client/orb v0.1.4-0.20250310172112-3472f23d28d9 h1:dXxZRjQr3gfDT9vY+hmyZNjb686QYg2Si/4n/5zmRNQ=
github.com/go-orb/plugins/client/orb v0.1.4-0.20250310172112-3472f23d28d9/go.mod h1:C15ydkjV47J0cazfqMJGRQWMw/UARfVmphAvpLiU91s=
github.com/go-orb/plugins/client/orb_transport/basehttp v0.0.0-20250310172112-3472f23d28d9 h1:Sd9JVFFTKBODdptZm0maCXlLvBuG2aY4udDbmQksbYo=
github.com/go-orb/plugins/client/orb_transport/basehttp v0.0.0-20250310172112-3472f23d28d9/go.mod h1:yrEsvoytougHUc6w9SnJ5p4G++ccmqVd2iEwsA+pzWk=
