github.com/cornelk/hashmap v1.0.8 h1:nv0AWgw02n+iDcawr5It4CjQIAcdMMKRrs10HOJYlrc=
github.com/cornelk/hashmap v1.0.8/go.mod h1:RfZb7JO3RviW/rT6emczVuC/oxpdz4UsSB2LJSclR1k=
github.com/go-orb/go-orb v0.0.0-20250223132440-936ef93d5d86 h1:yQm1Bx1p1RADxNw0cu5vIsYdyzSKKZUncYFJyggxEag=
github.com/go-orb/go-orb v0.0.0-20250223132440-936ef93d5d86/go.mod h1:5LP/2OY9b3N5eOsiVVdU3R78B7kIfNXYNjJi9o0Vbdg=
github.com/go-orb/plugins/client/orb v0.0.0-20250223093014-11e0afe3379a h1:lQlV1V90wMADbXjccfomtPXt1ewnWmB0rCGzd2WntUM=
github.com/go-orb/plugins/client/orb v0.0.0-20250223093014-11e0afe3379a/go.mod h1:0EaEntiDHIFAstXrogekyrBkCdbXyWxIv4KN11tAMVo=
github.com/go-orb/plugins/client/orb/transport/basehttp v0.0.0-20250223093014-11e0afe3379a h1:R0FcuNSLKsf+2W2R8eXUhJb3S8bWgjAx64OKTZtBtVo=
github.com/go-orb/plugins/client/orb/transport/basehttp v0.0.0-20250223093014-11e0afe3379a/go.mod h1:alZtCIX7aAF2xcWV8uY7MBUDDSds6d5vxOvZxrTV2Qc=
