github.com/cornelk/hashmap v1.0.8 h1:nv0AWgw02n+iDcawr5It4CjQIAcdMMKRrs10HOJYlrc=
github.com/cornelk/hashmap v1.0.8/go.mod h1:RfZb7JO3RviW/rT6emczVuC/oxpdz4UsSB2LJSclR1k=
github.com/go-orb/go-orb v0.1.0 h1:tZkEz6E0RCD1z86cA04UfJsQSqJlGEIRdPois1cJlt0=
github.com/go-orb/go-orb v0.1.0/go.mod h1:5LP/2OY9b3N5eOsiVVdU3R78B7kIfNXYNjJi9o0Vbdg=
github.com/go-orb/plugins/client/orb v0.1.2 h1:ok+3vSFcEa1xG5BYKFanAzMrYV3UN1cPQep4Qul1a1w=
github.com/go-orb/plugins/client/orb v0.1.2/go.mod h1:QK8HPQhmbsg8KkQ054OTPNaixogopl+DRH4D2V2JN9U=
github.com/go-orb/plugins/client/orb/transport/basehttp v0.1.1 h1:/W+hy5HXZYSbERjvMqQc1pVc5vxaKjvKtYvGlzcoSKw=
github.com/go-orb/plugins/client/orb/transport/basehttp v0.1.1/go.mod h1:MP0MT1whr+qO3Su2v+dpY0kwUB91YeSrkFcz51zlAzo=
