github.com/cornelk/hashmap v1.0.8 h1:nv0AWgw02n+iDcawr5It4CjQIAcdMMKRrs10HOJYlrc=
github.com/cornelk/hashmap v1.0.8/go.mod h1:RfZb7JO3RviW/rT6emczVuC/oxpdz4UsSB2LJSclR1k=
github.com/go-orb/go-orb v0.0.0-20241027004147-7e65db198d73 h1:JFKKzHUP4o/3c5R0TKK/to/ggVl5B61AtDsILIaiHTs=
github.com/go-orb/go-orb v0.0.0-20241027004147-7e65db198d73/go.mod h1:IqEV2MC/Xasp/x0cHO+RcQUHjOdP5ObL5vht+KD0l6A=
github.com/google/uuid v1.6.0 h1:NIvaJDMOsjHA8n1jAhLSgzrAzy1Hgr+hNrb57e+94F0=
github.com/google/uuid v1.6.0/go.mod h1:TIyPZe4MgqvfeYDBFedMoGGpEw/LqOeaOT+nhxU+yHo=
