github.com/cornelk/hashmap v1.0.8 h1:nv0AWgw02n+iDcawr5It4CjQIAcdMMKRrs10HOJYlrc=
github.com/cornelk/hashmap v1.0.8/go.mod h1:RfZb7JO3RviW/rT6emczVuC/oxpdz4UsSB2LJSclR1k=
github.com/go-orb/go-orb v0.2.2-0.20250322021706-3e2a0f6ba13b h1:WeEh2pMCAYr/QyTKkND+X8Egjs2J+/3G2mSv57aB7qU=
github.com/go-orb/go-orb v0.2.2-0.20250322021706-3e2a0f6ba13b/go.mod h1:DBamAST285wD+Ydbil1HGl9X19Sj+0xR1ZqFzKDxOgM=
