github.com/cornelk/hashmap v1.0.8 h1:nv0AWgw02n+iDcawr5It4CjQIAcdMMKRrs10HOJYlrc=
github.com/cornelk/hashmap v1.0.8/go.mod h1:RfZb7JO3RviW/rT6emczVuC/oxpdz4UsSB2LJSclR1k=
github.com/davecgh/go-spew v1.1.2-0.20180830191138-d8f796af33cc h1:U9qPSI2PIWSS1VwoXQT9A3Wy9MM3WgvqSxFWenqJduM=
github.com/davecgh/go-spew v1.1.2-0.20180830191138-d8f796af33cc/go.mod h1:J7Y8YcW2NihsgmVo/mv3lAwl/skON4iLHjSsI+c5H38=
github.com/go-orb/go-orb v0.0.0-20241009125109-7ec5aad2d35c h1:W2PzOE+9UOKw1dbfFdKsuZMth29sPwM+Z9y1X1pItv4=
github.com/go-orb/go-orb v0.0.0-20241009125109-7ec5aad2d35c/go.mod h1:59wJps2KJS+ggIwA9Y9NIcI+X83BkEyHSnuoXrEb3v8=
github.com/go-orb/plugins/client/orb v0.0.0-20240929171344-670e42ce5186 h1:A4OuPm37kSe8X0GGLNTXLztmyfst53ygiMOIXvGWcWA=
github.com/go-orb/plugins/client/orb v0.0.0-20240929171344-670e42ce5186/go.mod h1:BEgwqPPMVPQbiM/Bg8DP4lKtUMiSRgmQmkysqfwyqYU=
github.com/go-orb/plugins/server/drpc v0.0.0-20240929171344-670e42ce5186 h1:HW1yOQfR3Z2q53NjeZrlg8vKWWOKPJlAQi0Evnl2JHA=
github.com/go-orb/plugins/server/drpc v0.0.0-20240929171344-670e42ce5186/go.mod h1:Pm9ff6UaF0q1S7Egx2Jq1tv+IH850L+V2SHJezxvCfg=
github.com/google/go-cmp v0.6.0 h1:ofyhxvXcZhMsU5ulbFiLKl/XBFqE1GSq7atu8tAmTRI=
github.com/google/go-cmp v0.6.0/go.mod h1:17dUlkBOakJ0+DkrSSNjCkIjxS6bF9zb3elmeNGIjoY=
github.com/pmezard/go-difflib v1.0.1-0.20181226105442-5d4384ee4fb2 h1:Jamvg5psRIccs7FGNTlIRMkT8wgtp5eCXdBlqhYGL6U=
github.com/pmezard/go-difflib v1.0.1-0.20181226105442-5d4384ee4fb2/go.mod h1:iKH77koFhYxTK1pcRnkKkqfTogsbg7gZNVY4sRDYZ/4=
github.com/stretchr/testify v1.9.0 h1:HtqpIVDClZ4nwg75+f6Lvsy/wHu+3BoSGCbBAcpTsTg=
github.com/stretchr/testify v1.9.0/go.mod h1:r2ic/lqez/lEtzL7wO/rwa5dbSLXVDPFyf8C91i36aY=
github.com/zeebo/assert v1.3.0 h1:g7C04CbJuIDKNPFHmsk4hwZDO5O+kntRxzaUoNXj+IQ=
github.com/zeebo/assert v1.3.0/go.mod h1:Pq9JiuJQpG8JLJdtkwrJESF0Foym2/D9XMU5ciN/wJ0=
github.com/zeebo/errs v1.3.0 h1:hmiaKqgYZzcVgRL1Vkc1Mn2914BbzB0IBxs+ebeutGs=
github.com/zeebo/errs v1.3.0/go.mod h1:sgbWHsvVuTPHcqJJGQ1WhI5KbWlHYz+2+2C/LSEtCw4=
google.golang.org/protobuf v1.35.1 h1:m3LfL6/Ca+fqnjnlqQXNpFPABW1UD7mjh8KO2mKFytA=
google.golang.org/protobuf v1.35.1/go.mod h1:9fA7Ob0pmnwhb644+1+CVWFRbNajQ6iRojtC/QF5bRE=
gopkg.in/yaml.v3 v3.0.1 h1:fxVm/GzAzEWqLHuvctI91KS9hhNmmWOoWu0XTYJS7CA=
gopkg.in/yaml.v3 v3.0.1/go.mod h1:K4uyk7z7BCEPqu6E+C64Yfv1cQ7kz7rIZviUmN+EgEM=
storj.io/drpc v0.0.34 h1:q9zlQKfJ5A7x8NQNFk8x7eKUF78FMhmAbZLnFK+og7I=
storj.io/drpc v0.0.34/go.mod h1:Y9LZaa8esL1PW2IDMqJE7CFSNq7d5bQ3RI7mGPtmKMg=
