github.com/cornelk/hashmap v1.0.8 h1:nv0AWgw02n+iDcawr5It4CjQIAcdMMKRrs10HOJYlrc=
github.com/cornelk/hashmap v1.0.8/go.mod h1:RfZb7JO3RviW/rT6emczVuC/oxpdz4UsSB2LJSclR1k=
github.com/go-orb/go-orb v0.0.0-20250220192804-1f05260015f2 h1:fgu9ePmnrOp/g5dakOxPof+nGNxziyNV/ZQk912NbQY=
github.com/go-orb/go-orb v0.0.0-20250220192804-1f05260015f2/go.mod h1:Z64Q1rFtN8XHhnito1vWzJrxfxJs+f9F+J5TzAKGvJ0=
github.com/go-orb/plugins/client/orb v0.0.0-20250220201609-166b27343f72 h1:bRpQ+zrnvJbSwDvtoQjFH/3XSbbJPr1xPpv4UR67bDM=
github.com/go-orb/plugins/client/orb v0.0.0-20250220201609-166b27343f72/go.mod h1:2PvS4qw2idQa09XWCEpmW6FjHOHrIH0Cd3Yrv5/VymI=
github.com/go-orb/plugins/server/drpc v0.0.0-20250220201609-166b27343f72 h1:nSXlHtiPb9pE/q6Dg6cMjCehsBdtuiJYCrGn3BskFOQ=
github.com/go-orb/plugins/server/drpc v0.0.0-20250220201609-166b27343f72/go.mod h1:K9Z80iH/+prycm2VtlMmzfyWVUj0k2cWjAQ93JCfc8c=
github.com/google/go-cmp v0.6.0 h1:ofyhxvXcZhMsU5ulbFiLKl/XBFqE1GSq7atu8tAmTRI=
github.com/google/go-cmp v0.6.0/go.mod h1:17dUlkBOakJ0+DkrSSNjCkIjxS6bF9zb3elmeNGIjoY=
github.com/zeebo/assert v1.3.0 h1:g7C04CbJuIDKNPFHmsk4hwZDO5O+kntRxzaUoNXj+IQ=
github.com/zeebo/assert v1.3.0/go.mod h1:Pq9JiuJQpG8JLJdtkwrJESF0Foym2/D9XMU5ciN/wJ0=
github.com/zeebo/errs v1.4.0 h1:XNdoD/RRMKP7HD0UhJnIzUy74ISdGGxURlYG8HSWSfM=
github.com/zeebo/errs v1.4.0/go.mod h1:sgbWHsvVuTPHcqJJGQ1WhI5KbWlHYz+2+2C/LSEtCw4=
google.golang.org/protobuf v1.36.5 h1:tPhr+woSbjfYvY6/GPufUoYizxw1cF/yFoxJ2fmpwlM=
google.golang.org/protobuf v1.36.5/go.mod h1:9fA7Ob0pmnwhb644+1+CVWFRbNajQ6iRojtC/QF5bRE=
storj.io/drpc v0.0.34 h1:q9zlQKfJ5A7x8NQNFk8x7eKUF78FMhmAbZLnFK+og7I=
storj.io/drpc v0.0.34/go.mod h1:Y9LZaa8esL1PW2IDMqJE7CFSNq7d5bQ3RI7mGPtmKMg=
