github.com/cornelk/hashmap v1.0.8 h1:nv0AWgw02n+iDcawr5It4CjQIAcdMMKRrs10HOJYlrc=
github.com/cornelk/hashmap v1.0.8/go.mod h1:RfZb7JO3RviW/rT6emczVuC/oxpdz4UsSB2LJSclR1k=
github.com/davecgh/go-spew v1.1.2-0.20180830191138-d8f796af33cc h1:U9qPSI2PIWSS1VwoXQT9A3Wy9MM3WgvqSxFWenqJduM=
github.com/davecgh/go-spew v1.1.2-0.20180830191138-d8f796af33cc/go.mod h1:J7Y8YcW2NihsgmVo/mv3lAwl/skON4iLHjSsI+c5H38=
github.com/go-orb/go-orb v0.0.0-20231205054835-5d5151ec921b h1:9lg1vas/UKYhd+SmIR0BJyeAcubhKSonZIWwBSpkGdo=
github.com/go-orb/go-orb v0.0.0-20231205054835-5d5151ec921b/go.mod h1:esPD35O0lg1ksWTaiiYFJaAtH+Srku8DuoN0L91fvp0=
github.com/go-orb/go-orb v0.0.0-20231206042514-b8eae8c79078 h1:cRqbKBDDZgpn4QrsBRR8zRO2boxQPWZWXAqDWPli/ic=
github.com/go-orb/go-orb v0.0.0-20231206042514-b8eae8c79078/go.mod h1:AfkWyLBdfn6QOYKu6Eeqx2L6Kqv3X3vMil9DaVf+OqY=
github.com/go-orb/plugins/client/orb v0.0.0-20231206161850-d3e504c766e1 h1:GUX5xgwoUWLw8R/Iet3B8HBPp+OShTxIbWbWPPWwyTQ=
github.com/go-orb/plugins/client/orb v0.0.0-20231206161850-d3e504c766e1/go.mod h1:AwdEKO1R2RPXSPVGvPp0Z4YCaZJJCJIo+cVI6qlQZdM=
github.com/go-orb/plugins/client/orb v0.0.0-20231206164224-3acd91946bd6 h1:zvvyxRpbDOC4dRq5U0fDL4S2xtYhvavDzr+7EoPaOTw=
github.com/go-orb/plugins/client/orb v0.0.0-20231206164224-3acd91946bd6/go.mod h1:sUFPDuMZgdYYY6sKrkYab+1zvpq/QLodoM90wZDXRNk=
github.com/pmezard/go-difflib v1.0.1-0.20181226105442-5d4384ee4fb2 h1:Jamvg5psRIccs7FGNTlIRMkT8wgtp5eCXdBlqhYGL6U=
github.com/pmezard/go-difflib v1.0.1-0.20181226105442-5d4384ee4fb2/go.mod h1:iKH77koFhYxTK1pcRnkKkqfTogsbg7gZNVY4sRDYZ/4=
github.com/stretchr/testify v1.8.4 h1:CcVxjf3Q8PM0mHUKJCdn+eZZtm5yQwehR5yeSVQQcUk=
github.com/stretchr/testify v1.8.4/go.mod h1:sz/lmYIOXD/1dqDmKjjqLyZ2RngseejIcXlSw2iwfAo=
gopkg.in/yaml.v3 v3.0.1 h1:fxVm/GzAzEWqLHuvctI91KS9hhNmmWOoWu0XTYJS7CA=
gopkg.in/yaml.v3 v3.0.1/go.mod h1:K4uyk7z7BCEPqu6E+C64Yfv1cQ7kz7rIZviUmN+EgEM=
